
Microsoft Visual Studio Solution File, Format Version 10.00
# Visual Studio 2008
Project("{8BC9CEB8-8B4A-11D0-8D11-00A0C91BC942}") = "StillDesign.PhysX.Net", "PhysX.Net\PhysX.Net.vcproj", "{9E50593F-DB72-44D1-8A1D-2AE73214383E}"
EndProject
Project("{FAE04EC0-301F-11D3-BF4B-00C04F79EFBC}") = "Testing", "Testing\Testing.csproj", "{D99B7D55-3CA8-4066-BCC2-5574A8566F17}"
EndProject
Project("{FAE04EC0-301F-11D3-BF4B-00C04F79EFBC}") = "Unit Tests", "TestProject\Unit Tests.csproj", "{3A2594CF-7E97-49E5-B1B7-34473CF514A6}"
EndProject
Project("{2150E333-8FDC-42A3-9474-1A3956D46DE8}") = "Solution Items", "Solution Items", "{6122AE90-D0DA-4342-8284-AB8450A46C2C}"
	ProjectSection(SolutionItems) = preProject
		LocalTestRun.testrunconfig = LocalTestRun.testrunconfig
		PhysX.Net.vsmdi = PhysX.Net.vsmdi
	EndProjectSection
EndProject
Project("{FAE04EC0-301F-11D3-BF4B-00C04F79EFBC}") = "Engine", "Samples\Engine\Engine.csproj", "{D126F9D4-66BB-403B-B4B6-18C3546BEDF8}"
EndProject
Project("{2150E333-8FDC-42A3-9474-1A3956D46DE8}") = "Sample Projects", "Sample Projects", "{0676D34D-F39B-4C74-B95F-3CC3B06BC9B0}"
EndProject
Project("{FAE04EC0-301F-11D3-BF4B-00C04F79EFBC}") = "CCD Skeleton", "Samples\CCD Skeleton\CCD Skeleton.csproj", "{0B12DC8D-FFB3-4C5F-8B77-ABAC84616E5D}"
EndProject
Project("{FAE04EC0-301F-11D3-BF4B-00C04F79EFBC}") = "Demo 1", "Samples\Demo 1\Demo 1.csproj", "{230CFCF6-6A4F-45EF-943E-A4A29A44161F}"
EndProject
Project("{FAE04EC0-301F-11D3-BF4B-00C04F79EFBC}") = "Serialization", "Samples\Serialization\Serialization.csproj", "{DFBFF094-924B-4E59-A152-C20B5F22A571}"
EndProject
Global
	GlobalSection(TeamFoundationVersionControl) = preSolution
		SccNumberOfProjects = 8
		SccEnterpriseProvider = {4CA58AB2-18FA-4F8D-95D4-32DDF27D184C}
		SccTeamFoundationServer = https://tfs01.codeplex.com/
		SccLocalPath0 = .
		SccProjectUniqueName1 = PhysX.Net\\PhysX.Net.vcproj
		SccProjectName1 = PhysX.Net
		SccLocalPath1 = PhysX.Net
		SccProjectUniqueName2 = Testing\\Testing.csproj
		SccProjectName2 = Testing
		SccLocalPath2 = Testing
		SccProjectUniqueName3 = Samples\\CCD\u0020Skeleton\\CCD\u0020Skeleton.csproj
		SccProjectTopLevelParentUniqueName3 = PhysX.Net.sln
		SccProjectName3 = Samples/CCD\u0020Skeleton
		SccLocalPath3 = Samples\\CCD\u0020Skeleton
		SccProjectUniqueName4 = Samples\\Demo\u00201\\Demo\u00201.csproj
		SccProjectTopLevelParentUniqueName4 = PhysX.Net.sln
		SccProjectName4 = Samples/Demo\u00201
		SccLocalPath4 = Samples\\Demo\u00201
		SccProjectUniqueName5 = Samples\\Engine\\Engine.csproj
		SccProjectTopLevelParentUniqueName5 = PhysX.Net.sln
		SccProjectName5 = Samples/Engine
		SccLocalPath5 = Samples\\Engine
		SccProjectUniqueName6 = Samples\\Serialization\\Serialization.csproj
		SccProjectTopLevelParentUniqueName6 = PhysX.Net.sln
		SccProjectName6 = Samples/Serialization
		SccLocalPath6 = Samples\\Serialization
		SccProjectUniqueName7 = TestProject\\Unit\u0020Tests.csproj
		SccProjectName7 = TestProject
		SccLocalPath7 = TestProject
	EndGlobalSection
	GlobalSection(TestCaseManagementSettings) = postSolution
		CategoryFile = PhysX.Net.vsmdi
	EndGlobalSection
	GlobalSection(SolutionConfigurationPlatforms) = preSolution
		Debug MDX|Any CPU = Debug MDX|Any CPU
		Debug MDX|Mixed Platforms = Debug MDX|Mixed Platforms
		Debug MDX|Win32 = Debug MDX|Win32
		Debug MDX|x86 = Debug MDX|x86
		Debug SlimDX|Any CPU = Debug SlimDX|Any CPU
		Debug SlimDX|Mixed Platforms = Debug SlimDX|Mixed Platforms
		Debug SlimDX|Win32 = Debug SlimDX|Win32
		Debug SlimDX|x86 = Debug SlimDX|x86
		Debug XNA 2.0|Any CPU = Debug XNA 2.0|Any CPU
		Debug XNA 2.0|Mixed Platforms = Debug XNA 2.0|Mixed Platforms
		Debug XNA 2.0|Win32 = Debug XNA 2.0|Win32
		Debug XNA 2.0|x86 = Debug XNA 2.0|x86
		Debug XNA 3.0|Any CPU = Debug XNA 3.0|Any CPU
		Debug XNA 3.0|Mixed Platforms = Debug XNA 3.0|Mixed Platforms
		Debug XNA 3.0|Win32 = Debug XNA 3.0|Win32
		Debug XNA 3.0|x86 = Debug XNA 3.0|x86
		Release MDX|Any CPU = Release MDX|Any CPU
		Release MDX|Mixed Platforms = Release MDX|Mixed Platforms
		Release MDX|Win32 = Release MDX|Win32
		Release MDX|x86 = Release MDX|x86
		Release SlimDX|Any CPU = Release SlimDX|Any CPU
		Release SlimDX|Mixed Platforms = Release SlimDX|Mixed Platforms
		Release SlimDX|Win32 = Release SlimDX|Win32
		Release SlimDX|x86 = Release SlimDX|x86
		Release XNA 2.0|Any CPU = Release XNA 2.0|Any CPU
		Release XNA 2.0|Mixed Platforms = Release XNA 2.0|Mixed Platforms
		Release XNA 2.0|Win32 = Release XNA 2.0|Win32
		Release XNA 2.0|x86 = Release XNA 2.0|x86
		Release XNA 3.0|Any CPU = Release XNA 3.0|Any CPU
		Release XNA 3.0|Mixed Platforms = Release XNA 3.0|Mixed Platforms
		Release XNA 3.0|Win32 = Release XNA 3.0|Win32
		Release XNA 3.0|x86 = Release XNA 3.0|x86
	EndGlobalSection
	GlobalSection(ProjectConfigurationPlatforms) = postSolution
		{9E50593F-DB72-44D1-8A1D-2AE73214383E}.Debug MDX|Any CPU.ActiveCfg = Debug MDX|Win32
		{9E50593F-DB72-44D1-8A1D-2AE73214383E}.Debug MDX|Any CPU.Build.0 = Debug MDX|Win32
		{9E50593F-DB72-44D1-8A1D-2AE73214383E}.Debug MDX|Mixed Platforms.ActiveCfg = Debug MDX|Win32
		{9E50593F-DB72-44D1-8A1D-2AE73214383E}.Debug MDX|Mixed Platforms.Build.0 = Debug MDX|Win32
		{9E50593F-DB72-44D1-8A1D-2AE73214383E}.Debug MDX|Win32.ActiveCfg = Debug MDX|Win32
		{9E50593F-DB72-44D1-8A1D-2AE73214383E}.Debug MDX|Win32.Build.0 = Debug MDX|Win32
		{9E50593F-DB72-44D1-8A1D-2AE73214383E}.Debug MDX|x86.ActiveCfg = Debug MDX|Win32
		{9E50593F-DB72-44D1-8A1D-2AE73214383E}.Debug SlimDX|Any CPU.ActiveCfg = Debug SlimDX|Win32
		{9E50593F-DB72-44D1-8A1D-2AE73214383E}.Debug SlimDX|Any CPU.Build.0 = Debug SlimDX|Win32
		{9E50593F-DB72-44D1-8A1D-2AE73214383E}.Debug SlimDX|Mixed Platforms.ActiveCfg = Debug SlimDX|Win32
		{9E50593F-DB72-44D1-8A1D-2AE73214383E}.Debug SlimDX|Mixed Platforms.Build.0 = Debug SlimDX|Win32
		{9E50593F-DB72-44D1-8A1D-2AE73214383E}.Debug SlimDX|Win32.ActiveCfg = Debug SlimDX|Win32
		{9E50593F-DB72-44D1-8A1D-2AE73214383E}.Debug SlimDX|Win32.Build.0 = Debug SlimDX|Win32
		{9E50593F-DB72-44D1-8A1D-2AE73214383E}.Debug SlimDX|x86.ActiveCfg = Debug SlimDX|Win32
		{9E50593F-DB72-44D1-8A1D-2AE73214383E}.Debug XNA 2.0|Any CPU.ActiveCfg = Debug XNA 2.0|Win32
		{9E50593F-DB72-44D1-8A1D-2AE73214383E}.Debug XNA 2.0|Any CPU.Build.0 = Debug XNA 2.0|Win32
		{9E50593F-DB72-44D1-8A1D-2AE73214383E}.Debug XNA 2.0|Mixed Platforms.ActiveCfg = Debug XNA 2.0|Win32
		{9E50593F-DB72-44D1-8A1D-2AE73214383E}.Debug XNA 2.0|Mixed Platforms.Build.0 = Debug XNA 2.0|Win32
		{9E50593F-DB72-44D1-8A1D-2AE73214383E}.Debug XNA 2.0|Win32.ActiveCfg = Debug XNA 2.0|Win32
		{9E50593F-DB72-44D1-8A1D-2AE73214383E}.Debug XNA 2.0|Win32.Build.0 = Debug XNA 2.0|Win32
		{9E50593F-DB72-44D1-8A1D-2AE73214383E}.Debug XNA 2.0|x86.ActiveCfg = Debug XNA 2.0|Win32
		{9E50593F-DB72-44D1-8A1D-2AE73214383E}.Debug XNA 3.0|Any CPU.ActiveCfg = Debug XNA 3.0|Win32
		{9E50593F-DB72-44D1-8A1D-2AE73214383E}.Debug XNA 3.0|Any CPU.Build.0 = Debug XNA 3.0|Win32
		{9E50593F-DB72-44D1-8A1D-2AE73214383E}.Debug XNA 3.0|Mixed Platforms.ActiveCfg = Debug XNA 3.0|Win32
		{9E50593F-DB72-44D1-8A1D-2AE73214383E}.Debug XNA 3.0|Mixed Platforms.Build.0 = Debug XNA 3.0|Win32
		{9E50593F-DB72-44D1-8A1D-2AE73214383E}.Debug XNA 3.0|Win32.ActiveCfg = Debug XNA 3.0|Win32
		{9E50593F-DB72-44D1-8A1D-2AE73214383E}.Debug XNA 3.0|Win32.Build.0 = Debug XNA 3.0|Win32
		{9E50593F-DB72-44D1-8A1D-2AE73214383E}.Debug XNA 3.0|x86.ActiveCfg = Debug XNA 3.0|Win32
		{9E50593F-DB72-44D1-8A1D-2AE73214383E}.Release MDX|Any CPU.ActiveCfg = Release MDX|Win32
		{9E50593F-DB72-44D1-8A1D-2AE73214383E}.Release MDX|Any CPU.Build.0 = Release MDX|Win32
		{9E50593F-DB72-44D1-8A1D-2AE73214383E}.Release MDX|Mixed Platforms.ActiveCfg = Release MDX|Win32
		{9E50593F-DB72-44D1-8A1D-2AE73214383E}.Release MDX|Mixed Platforms.Build.0 = Release MDX|Win32
		{9E50593F-DB72-44D1-8A1D-2AE73214383E}.Release MDX|Win32.ActiveCfg = Release MDX|Win32
		{9E50593F-DB72-44D1-8A1D-2AE73214383E}.Release MDX|Win32.Build.0 = Release MDX|Win32
		{9E50593F-DB72-44D1-8A1D-2AE73214383E}.Release MDX|x86.ActiveCfg = Release MDX|Win32
		{9E50593F-DB72-44D1-8A1D-2AE73214383E}.Release SlimDX|Any CPU.ActiveCfg = Release SlimDX|Win32
		{9E50593F-DB72-44D1-8A1D-2AE73214383E}.Release SlimDX|Any CPU.Build.0 = Release SlimDX|Win32
		{9E50593F-DB72-44D1-8A1D-2AE73214383E}.Release SlimDX|Mixed Platforms.ActiveCfg = Release SlimDX|Win32
		{9E50593F-DB72-44D1-8A1D-2AE73214383E}.Release SlimDX|Mixed Platforms.Build.0 = Release SlimDX|Win32
		{9E50593F-DB72-44D1-8A1D-2AE73214383E}.Release SlimDX|Win32.ActiveCfg = Release SlimDX|Win32
		{9E50593F-DB72-44D1-8A1D-2AE73214383E}.Release SlimDX|Win32.Build.0 = Release SlimDX|Win32
		{9E50593F-DB72-44D1-8A1D-2AE73214383E}.Release SlimDX|x86.ActiveCfg = Release SlimDX|Win32
		{9E50593F-DB72-44D1-8A1D-2AE73214383E}.Release XNA 2.0|Any CPU.ActiveCfg = Release XNA 2.0|Win32
		{9E50593F-DB72-44D1-8A1D-2AE73214383E}.Release XNA 2.0|Any CPU.Build.0 = Release XNA 2.0|Win32
		{9E50593F-DB72-44D1-8A1D-2AE73214383E}.Release XNA 2.0|Mixed Platforms.ActiveCfg = Release XNA 2.0|Win32
		{9E50593F-DB72-44D1-8A1D-2AE73214383E}.Release XNA 2.0|Mixed Platforms.Build.0 = Release XNA 2.0|Win32
		{9E50593F-DB72-44D1-8A1D-2AE73214383E}.Release XNA 2.0|Win32.ActiveCfg = Release XNA 2.0|Win32
		{9E50593F-DB72-44D1-8A1D-2AE73214383E}.Release XNA 2.0|Win32.Build.0 = Release XNA 2.0|Win32
		{9E50593F-DB72-44D1-8A1D-2AE73214383E}.Release XNA 2.0|x86.ActiveCfg = Release XNA 2.0|Win32
		{9E50593F-DB72-44D1-8A1D-2AE73214383E}.Release XNA 3.0|Any CPU.ActiveCfg = Release XNA 3.0|Win32
		{9E50593F-DB72-44D1-8A1D-2AE73214383E}.Release XNA 3.0|Any CPU.Build.0 = Release XNA 3.0|Win32
		{9E50593F-DB72-44D1-8A1D-2AE73214383E}.Release XNA 3.0|Mixed Platforms.ActiveCfg = Release XNA 3.0|Win32
		{9E50593F-DB72-44D1-8A1D-2AE73214383E}.Release XNA 3.0|Mixed Platforms.Build.0 = Release XNA 3.0|Win32
		{9E50593F-DB72-44D1-8A1D-2AE73214383E}.Release XNA 3.0|Win32.ActiveCfg = Release XNA 3.0|Win32
		{9E50593F-DB72-44D1-8A1D-2AE73214383E}.Release XNA 3.0|Win32.Build.0 = Release XNA 3.0|Win32
		{9E50593F-DB72-44D1-8A1D-2AE73214383E}.Release XNA 3.0|x86.ActiveCfg = Release XNA 3.0|Win32
		{D99B7D55-3CA8-4066-BCC2-5574A8566F17}.Debug MDX|Any CPU.ActiveCfg = Debug XNA 2.0|Any CPU
		{D99B7D55-3CA8-4066-BCC2-5574A8566F17}.Debug MDX|Mixed Platforms.ActiveCfg = Debug XNA 2.0|Any CPU
		{D99B7D55-3CA8-4066-BCC2-5574A8566F17}.Debug MDX|Mixed Platforms.Build.0 = Debug XNA 2.0|Any CPU
		{D99B7D55-3CA8-4066-BCC2-5574A8566F17}.Debug MDX|Win32.ActiveCfg = Debug XNA 2.0|Any CPU
		{D99B7D55-3CA8-4066-BCC2-5574A8566F17}.Debug MDX|x86.ActiveCfg = Debug XNA 3.0|Any CPU
		{D99B7D55-3CA8-4066-BCC2-5574A8566F17}.Debug SlimDX|Any CPU.ActiveCfg = Debug XNA 2.0|Any CPU
		{D99B7D55-3CA8-4066-BCC2-5574A8566F17}.Debug SlimDX|Mixed Platforms.ActiveCfg = Debug XNA 2.0|Any CPU
		{D99B7D55-3CA8-4066-BCC2-5574A8566F17}.Debug SlimDX|Mixed Platforms.Build.0 = Debug XNA 2.0|Any CPU
		{D99B7D55-3CA8-4066-BCC2-5574A8566F17}.Debug SlimDX|Win32.ActiveCfg = Debug XNA 2.0|Any CPU
		{D99B7D55-3CA8-4066-BCC2-5574A8566F17}.Debug SlimDX|x86.ActiveCfg = Debug XNA 3.0|Any CPU
		{D99B7D55-3CA8-4066-BCC2-5574A8566F17}.Debug XNA 2.0|Any CPU.ActiveCfg = Debug XNA 2.0|Any CPU
		{D99B7D55-3CA8-4066-BCC2-5574A8566F17}.Debug XNA 2.0|Mixed Platforms.ActiveCfg = Debug XNA 2.0|Any CPU
		{D99B7D55-3CA8-4066-BCC2-5574A8566F17}.Debug XNA 2.0|Mixed Platforms.Build.0 = Debug XNA 2.0|Any CPU
		{D99B7D55-3CA8-4066-BCC2-5574A8566F17}.Debug XNA 2.0|Win32.ActiveCfg = Debug XNA 2.0|Any CPU
		{D99B7D55-3CA8-4066-BCC2-5574A8566F17}.Debug XNA 2.0|x86.ActiveCfg = Debug XNA 2.0|Any CPU
		{D99B7D55-3CA8-4066-BCC2-5574A8566F17}.Debug XNA 3.0|Any CPU.ActiveCfg = Debug XNA 3.0|Any CPU
		{D99B7D55-3CA8-4066-BCC2-5574A8566F17}.Debug XNA 3.0|Any CPU.Build.0 = Debug XNA 3.0|Any CPU
		{D99B7D55-3CA8-4066-BCC2-5574A8566F17}.Debug XNA 3.0|Mixed Platforms.ActiveCfg = Debug XNA 3.0|Any CPU
		{D99B7D55-3CA8-4066-BCC2-5574A8566F17}.Debug XNA 3.0|Mixed Platforms.Build.0 = Debug XNA 3.0|Any CPU
		{D99B7D55-3CA8-4066-BCC2-5574A8566F17}.Debug XNA 3.0|Win32.ActiveCfg = Debug XNA 3.0|Any CPU
		{D99B7D55-3CA8-4066-BCC2-5574A8566F17}.Debug XNA 3.0|x86.ActiveCfg = Debug XNA 3.0|Any CPU
		{D99B7D55-3CA8-4066-BCC2-5574A8566F17}.Release MDX|Any CPU.ActiveCfg = Release XNA 2.0|Any CPU
		{D99B7D55-3CA8-4066-BCC2-5574A8566F17}.Release MDX|Mixed Platforms.ActiveCfg = Release XNA 2.0|Any CPU
		{D99B7D55-3CA8-4066-BCC2-5574A8566F17}.Release MDX|Mixed Platforms.Build.0 = Release XNA 2.0|Any CPU
		{D99B7D55-3CA8-4066-BCC2-5574A8566F17}.Release MDX|Win32.ActiveCfg = Release XNA 2.0|Any CPU
		{D99B7D55-3CA8-4066-BCC2-5574A8566F17}.Release MDX|x86.ActiveCfg = Release XNA 3.0|Any CPU
		{D99B7D55-3CA8-4066-BCC2-5574A8566F17}.Release SlimDX|Any CPU.ActiveCfg = Release XNA 2.0|Any CPU
		{D99B7D55-3CA8-4066-BCC2-5574A8566F17}.Release SlimDX|Mixed Platforms.ActiveCfg = Release XNA 2.0|Any CPU
		{D99B7D55-3CA8-4066-BCC2-5574A8566F17}.Release SlimDX|Mixed Platforms.Build.0 = Release XNA 2.0|Any CPU
		{D99B7D55-3CA8-4066-BCC2-5574A8566F17}.Release SlimDX|Win32.ActiveCfg = Release XNA 2.0|Any CPU
		{D99B7D55-3CA8-4066-BCC2-5574A8566F17}.Release SlimDX|x86.ActiveCfg = Release XNA 3.0|Any CPU
		{D99B7D55-3CA8-4066-BCC2-5574A8566F17}.Release XNA 2.0|Any CPU.ActiveCfg = Release XNA 2.0|Any CPU
		{D99B7D55-3CA8-4066-BCC2-5574A8566F17}.Release XNA 2.0|Mixed Platforms.ActiveCfg = Release XNA 2.0|Any CPU
		{D99B7D55-3CA8-4066-BCC2-5574A8566F17}.Release XNA 2.0|Mixed Platforms.Build.0 = Release XNA 2.0|Any CPU
		{D99B7D55-3CA8-4066-BCC2-5574A8566F17}.Release XNA 2.0|Win32.ActiveCfg = Release XNA 2.0|Any CPU
		{D99B7D55-3CA8-4066-BCC2-5574A8566F17}.Release XNA 2.0|x86.ActiveCfg = Release XNA 2.0|Any CPU
		{D99B7D55-3CA8-4066-BCC2-5574A8566F17}.Release XNA 3.0|Any CPU.ActiveCfg = Release XNA 3.0|Any CPU
		{D99B7D55-3CA8-4066-BCC2-5574A8566F17}.Release XNA 3.0|Any CPU.Build.0 = Release XNA 3.0|Any CPU
		{D99B7D55-3CA8-4066-BCC2-5574A8566F17}.Release XNA 3.0|Mixed Platforms.ActiveCfg = Release XNA 3.0|Any CPU
		{D99B7D55-3CA8-4066-BCC2-5574A8566F17}.Release XNA 3.0|Mixed Platforms.Build.0 = Release XNA 3.0|Any CPU
		{D99B7D55-3CA8-4066-BCC2-5574A8566F17}.Release XNA 3.0|Win32.ActiveCfg = Release XNA 3.0|Any CPU
		{D99B7D55-3CA8-4066-BCC2-5574A8566F17}.Release XNA 3.0|x86.ActiveCfg = Release XNA 3.0|Any CPU
		{3A2594CF-7E97-49E5-B1B7-34473CF514A6}.Debug MDX|Any CPU.ActiveCfg = Debug|Any CPU
		{3A2594CF-7E97-49E5-B1B7-34473CF514A6}.Debug MDX|Any CPU.Build.0 = Debug|Any CPU
		{3A2594CF-7E97-49E5-B1B7-34473CF514A6}.Debug MDX|Mixed Platforms.ActiveCfg = Debug|Any CPU
		{3A2594CF-7E97-49E5-B1B7-34473CF514A6}.Debug MDX|Mixed Platforms.Build.0 = Debug|Any CPU
		{3A2594CF-7E97-49E5-B1B7-34473CF514A6}.Debug MDX|Win32.ActiveCfg = Debug|Any CPU
		{3A2594CF-7E97-49E5-B1B7-34473CF514A6}.Debug MDX|x86.ActiveCfg = Debug|Any CPU
		{3A2594CF-7E97-49E5-B1B7-34473CF514A6}.Debug SlimDX|Any CPU.ActiveCfg = Debug|Any CPU
		{3A2594CF-7E97-49E5-B1B7-34473CF514A6}.Debug SlimDX|Any CPU.Build.0 = Debug|Any CPU
		{3A2594CF-7E97-49E5-B1B7-34473CF514A6}.Debug SlimDX|Mixed Platforms.ActiveCfg = Debug|Any CPU
		{3A2594CF-7E97-49E5-B1B7-34473CF514A6}.Debug SlimDX|Mixed Platforms.Build.0 = Debug|Any CPU
		{3A2594CF-7E97-49E5-B1B7-34473CF514A6}.Debug SlimDX|Win32.ActiveCfg = Debug|Any CPU
		{3A2594CF-7E97-49E5-B1B7-34473CF514A6}.Debug SlimDX|x86.ActiveCfg = Debug|Any CPU
		{3A2594CF-7E97-49E5-B1B7-34473CF514A6}.Debug XNA 2.0|Any CPU.ActiveCfg = Debug|Any CPU
		{3A2594CF-7E97-49E5-B1B7-34473CF514A6}.Debug XNA 2.0|Any CPU.Build.0 = Debug|Any CPU
		{3A2594CF-7E97-49E5-B1B7-34473CF514A6}.Debug XNA 2.0|Mixed Platforms.ActiveCfg = Debug|Any CPU
		{3A2594CF-7E97-49E5-B1B7-34473CF514A6}.Debug XNA 2.0|Mixed Platforms.Build.0 = Debug|Any CPU
		{3A2594CF-7E97-49E5-B1B7-34473CF514A6}.Debug XNA 2.0|Win32.ActiveCfg = Debug|Any CPU
		{3A2594CF-7E97-49E5-B1B7-34473CF514A6}.Debug XNA 2.0|x86.ActiveCfg = Debug|Any CPU
		{3A2594CF-7E97-49E5-B1B7-34473CF514A6}.Debug XNA 3.0|Any CPU.ActiveCfg = Debug|Any CPU
		{3A2594CF-7E97-49E5-B1B7-34473CF514A6}.Debug XNA 3.0|Any CPU.Build.0 = Debug|Any CPU
		{3A2594CF-7E97-49E5-B1B7-34473CF514A6}.Debug XNA 3.0|Mixed Platforms.ActiveCfg = Debug|Any CPU
		{3A2594CF-7E97-49E5-B1B7-34473CF514A6}.Debug XNA 3.0|Mixed Platforms.Build.0 = Debug|Any CPU
		{3A2594CF-7E97-49E5-B1B7-34473CF514A6}.Debug XNA 3.0|Win32.ActiveCfg = Debug|Any CPU
		{3A2594CF-7E97-49E5-B1B7-34473CF514A6}.Debug XNA 3.0|x86.ActiveCfg = Debug|Any CPU
		{3A2594CF-7E97-49E5-B1B7-34473CF514A6}.Release MDX|Any CPU.ActiveCfg = Release|Any CPU
		{3A2594CF-7E97-49E5-B1B7-34473CF514A6}.Release MDX|Any CPU.Build.0 = Release|Any CPU
		{3A2594CF-7E97-49E5-B1B7-34473CF514A6}.Release MDX|Mixed Platforms.ActiveCfg = Release|Any CPU
		{3A2594CF-7E97-49E5-B1B7-34473CF514A6}.Release MDX|Mixed Platforms.Build.0 = Release|Any CPU
		{3A2594CF-7E97-49E5-B1B7-34473CF514A6}.Release MDX|Win32.ActiveCfg = Release|Any CPU
		{3A2594CF-7E97-49E5-B1B7-34473CF514A6}.Release MDX|x86.ActiveCfg = Release|Any CPU
		{3A2594CF-7E97-49E5-B1B7-34473CF514A6}.Release SlimDX|Any CPU.ActiveCfg = Release|Any CPU
		{3A2594CF-7E97-49E5-B1B7-34473CF514A6}.Release SlimDX|Any CPU.Build.0 = Release|Any CPU
		{3A2594CF-7E97-49E5-B1B7-34473CF514A6}.Release SlimDX|Mixed Platforms.ActiveCfg = Release|Any CPU
		{3A2594CF-7E97-49E5-B1B7-34473CF514A6}.Release SlimDX|Mixed Platforms.Build.0 = Release|Any CPU
		{3A2594CF-7E97-49E5-B1B7-34473CF514A6}.Release SlimDX|Win32.ActiveCfg = Release|Any CPU
		{3A2594CF-7E97-49E5-B1B7-34473CF514A6}.Release SlimDX|x86.ActiveCfg = Release|Any CPU
		{3A2594CF-7E97-49E5-B1B7-34473CF514A6}.Release XNA 2.0|Any CPU.ActiveCfg = Release|Any CPU
		{3A2594CF-7E97-49E5-B1B7-34473CF514A6}.Release XNA 2.0|Any CPU.Build.0 = Release|Any CPU
		{3A2594CF-7E97-49E5-B1B7-34473CF514A6}.Release XNA 2.0|Mixed Platforms.ActiveCfg = Release|Any CPU
		{3A2594CF-7E97-49E5-B1B7-34473CF514A6}.Release XNA 2.0|Mixed Platforms.Build.0 = Release|Any CPU
		{3A2594CF-7E97-49E5-B1B7-34473CF514A6}.Release XNA 2.0|Win32.ActiveCfg = Release|Any CPU
		{3A2594CF-7E97-49E5-B1B7-34473CF514A6}.Release XNA 2.0|x86.ActiveCfg = Release|Any CPU
		{3A2594CF-7E97-49E5-B1B7-34473CF514A6}.Release XNA 3.0|Any CPU.ActiveCfg = Release|Any CPU
		{3A2594CF-7E97-49E5-B1B7-34473CF514A6}.Release XNA 3.0|Any CPU.Build.0 = Release|Any CPU
		{3A2594CF-7E97-49E5-B1B7-34473CF514A6}.Release XNA 3.0|Mixed Platforms.ActiveCfg = Release|Any CPU
		{3A2594CF-7E97-49E5-B1B7-34473CF514A6}.Release XNA 3.0|Mixed Platforms.Build.0 = Release|Any CPU
		{3A2594CF-7E97-49E5-B1B7-34473CF514A6}.Release XNA 3.0|Win32.ActiveCfg = Release|Any CPU
		{3A2594CF-7E97-49E5-B1B7-34473CF514A6}.Release XNA 3.0|x86.ActiveCfg = Release|Any CPU
		{D126F9D4-66BB-403B-B4B6-18C3546BEDF8}.Debug MDX|Any CPU.ActiveCfg = Debug|x86
		{D126F9D4-66BB-403B-B4B6-18C3546BEDF8}.Debug MDX|Mixed Platforms.ActiveCfg = Debug|x86
		{D126F9D4-66BB-403B-B4B6-18C3546BEDF8}.Debug MDX|Mixed Platforms.Build.0 = Debug|x86
		{D126F9D4-66BB-403B-B4B6-18C3546BEDF8}.Debug MDX|Win32.ActiveCfg = Debug|x86
		{D126F9D4-66BB-403B-B4B6-18C3546BEDF8}.Debug MDX|x86.ActiveCfg = Debug|x86
		{D126F9D4-66BB-403B-B4B6-18C3546BEDF8}.Debug MDX|x86.Build.0 = Debug|x86
		{D126F9D4-66BB-403B-B4B6-18C3546BEDF8}.Debug SlimDX|Any CPU.ActiveCfg = Debug|x86
		{D126F9D4-66BB-403B-B4B6-18C3546BEDF8}.Debug SlimDX|Mixed Platforms.ActiveCfg = Debug|x86
		{D126F9D4-66BB-403B-B4B6-18C3546BEDF8}.Debug SlimDX|Mixed Platforms.Build.0 = Debug|x86
		{D126F9D4-66BB-403B-B4B6-18C3546BEDF8}.Debug SlimDX|Win32.ActiveCfg = Debug|x86
		{D126F9D4-66BB-403B-B4B6-18C3546BEDF8}.Debug SlimDX|x86.ActiveCfg = Debug|x86
		{D126F9D4-66BB-403B-B4B6-18C3546BEDF8}.Debug SlimDX|x86.Build.0 = Debug|x86
		{D126F9D4-66BB-403B-B4B6-18C3546BEDF8}.Debug XNA 2.0|Any CPU.ActiveCfg = Debug|x86
		{D126F9D4-66BB-403B-B4B6-18C3546BEDF8}.Debug XNA 2.0|Mixed Platforms.ActiveCfg = Debug|x86
		{D126F9D4-66BB-403B-B4B6-18C3546BEDF8}.Debug XNA 2.0|Mixed Platforms.Build.0 = Debug|x86
		{D126F9D4-66BB-403B-B4B6-18C3546BEDF8}.Debug XNA 2.0|Win32.ActiveCfg = Debug|x86
		{D126F9D4-66BB-403B-B4B6-18C3546BEDF8}.Debug XNA 2.0|x86.ActiveCfg = Debug|x86
		{D126F9D4-66BB-403B-B4B6-18C3546BEDF8}.Debug XNA 2.0|x86.Build.0 = Debug|x86
		{D126F9D4-66BB-403B-B4B6-18C3546BEDF8}.Debug XNA 3.0|Any CPU.ActiveCfg = Debug|x86
		{D126F9D4-66BB-403B-B4B6-18C3546BEDF8}.Debug XNA 3.0|Any CPU.Build.0 = Debug|x86
		{D126F9D4-66BB-403B-B4B6-18C3546BEDF8}.Debug XNA 3.0|Mixed Platforms.ActiveCfg = Debug|x86
		{D126F9D4-66BB-403B-B4B6-18C3546BEDF8}.Debug XNA 3.0|Mixed Platforms.Build.0 = Debug|x86
		{D126F9D4-66BB-403B-B4B6-18C3546BEDF8}.Debug XNA 3.0|Win32.ActiveCfg = Debug|x86
		{D126F9D4-66BB-403B-B4B6-18C3546BEDF8}.Debug XNA 3.0|x86.ActiveCfg = Debug|x86
		{D126F9D4-66BB-403B-B4B6-18C3546BEDF8}.Debug XNA 3.0|x86.Build.0 = Debug|x86
		{D126F9D4-66BB-403B-B4B6-18C3546BEDF8}.Release MDX|Any CPU.ActiveCfg = Release|x86
		{D126F9D4-66BB-403B-B4B6-18C3546BEDF8}.Release MDX|Mixed Platforms.ActiveCfg = Release|x86
		{D126F9D4-66BB-403B-B4B6-18C3546BEDF8}.Release MDX|Mixed Platforms.Build.0 = Release|x86
		{D126F9D4-66BB-403B-B4B6-18C3546BEDF8}.Release MDX|Win32.ActiveCfg = Release|x86
		{D126F9D4-66BB-403B-B4B6-18C3546BEDF8}.Release MDX|x86.ActiveCfg = Release|x86
		{D126F9D4-66BB-403B-B4B6-18C3546BEDF8}.Release MDX|x86.Build.0 = Release|x86
		{D126F9D4-66BB-403B-B4B6-18C3546BEDF8}.Release SlimDX|Any CPU.ActiveCfg = Release|x86
		{D126F9D4-66BB-403B-B4B6-18C3546BEDF8}.Release SlimDX|Mixed Platforms.ActiveCfg = Release|x86
		{D126F9D4-66BB-403B-B4B6-18C3546BEDF8}.Release SlimDX|Mixed Platforms.Build.0 = Release|x86
		{D126F9D4-66BB-403B-B4B6-18C3546BEDF8}.Release SlimDX|Win32.ActiveCfg = Release|x86
		{D126F9D4-66BB-403B-B4B6-18C3546BEDF8}.Release SlimDX|x86.ActiveCfg = Release|x86
		{D126F9D4-66BB-403B-B4B6-18C3546BEDF8}.Release SlimDX|x86.Build.0 = Release|x86
		{D126F9D4-66BB-403B-B4B6-18C3546BEDF8}.Release XNA 2.0|Any CPU.ActiveCfg = Release|x86
		{D126F9D4-66BB-403B-B4B6-18C3546BEDF8}.Release XNA 2.0|Mixed Platforms.ActiveCfg = Release|x86
		{D126F9D4-66BB-403B-B4B6-18C3546BEDF8}.Release XNA 2.0|Mixed Platforms.Build.0 = Release|x86
		{D126F9D4-66BB-403B-B4B6-18C3546BEDF8}.Release XNA 2.0|Win32.ActiveCfg = Release|x86
		{D126F9D4-66BB-403B-B4B6-18C3546BEDF8}.Release XNA 2.0|x86.ActiveCfg = Release|x86
		{D126F9D4-66BB-403B-B4B6-18C3546BEDF8}.Release XNA 2.0|x86.Build.0 = Release|x86
		{D126F9D4-66BB-403B-B4B6-18C3546BEDF8}.Release XNA 3.0|Any CPU.ActiveCfg = Release|x86
		{D126F9D4-66BB-403B-B4B6-18C3546BEDF8}.Release XNA 3.0|Any CPU.Build.0 = Release|x86
		{D126F9D4-66BB-403B-B4B6-18C3546BEDF8}.Release XNA 3.0|Mixed Platforms.ActiveCfg = Release|x86
		{D126F9D4-66BB-403B-B4B6-18C3546BEDF8}.Release XNA 3.0|Mixed Platforms.Build.0 = Release|x86
		{D126F9D4-66BB-403B-B4B6-18C3546BEDF8}.Release XNA 3.0|Win32.ActiveCfg = Release|x86
		{D126F9D4-66BB-403B-B4B6-18C3546BEDF8}.Release XNA 3.0|x86.ActiveCfg = Release|x86
		{D126F9D4-66BB-403B-B4B6-18C3546BEDF8}.Release XNA 3.0|x86.Build.0 = Release|x86
		{0B12DC8D-FFB3-4C5F-8B77-ABAC84616E5D}.Debug MDX|Any CPU.ActiveCfg = Debug|x86
		{0B12DC8D-FFB3-4C5F-8B77-ABAC84616E5D}.Debug MDX|Mixed Platforms.ActiveCfg = Debug|x86
		{0B12DC8D-FFB3-4C5F-8B77-ABAC84616E5D}.Debug MDX|Mixed Platforms.Build.0 = Debug|x86
		{0B12DC8D-FFB3-4C5F-8B77-ABAC84616E5D}.Debug MDX|Win32.ActiveCfg = Debug|x86
		{0B12DC8D-FFB3-4C5F-8B77-ABAC84616E5D}.Debug MDX|x86.ActiveCfg = Debug|x86
		{0B12DC8D-FFB3-4C5F-8B77-ABAC84616E5D}.Debug MDX|x86.Build.0 = Debug|x86
		{0B12DC8D-FFB3-4C5F-8B77-ABAC84616E5D}.Debug SlimDX|Any CPU.ActiveCfg = Debug|x86
		{0B12DC8D-FFB3-4C5F-8B77-ABAC84616E5D}.Debug SlimDX|Mixed Platforms.ActiveCfg = Debug|x86
		{0B12DC8D-FFB3-4C5F-8B77-ABAC84616E5D}.Debug SlimDX|Mixed Platforms.Build.0 = Debug|x86
		{0B12DC8D-FFB3-4C5F-8B77-ABAC84616E5D}.Debug SlimDX|Win32.ActiveCfg = Debug|x86
		{0B12DC8D-FFB3-4C5F-8B77-ABAC84616E5D}.Debug SlimDX|x86.ActiveCfg = Debug|x86
		{0B12DC8D-FFB3-4C5F-8B77-ABAC84616E5D}.Debug SlimDX|x86.Build.0 = Debug|x86
		{0B12DC8D-FFB3-4C5F-8B77-ABAC84616E5D}.Debug XNA 2.0|Any CPU.ActiveCfg = Debug|x86
		{0B12DC8D-FFB3-4C5F-8B77-ABAC84616E5D}.Debug XNA 2.0|Mixed Platforms.ActiveCfg = Debug|x86
		{0B12DC8D-FFB3-4C5F-8B77-ABAC84616E5D}.Debug XNA 2.0|Mixed Platforms.Build.0 = Debug|x86
		{0B12DC8D-FFB3-4C5F-8B77-ABAC84616E5D}.Debug XNA 2.0|Win32.ActiveCfg = Debug|x86
		{0B12DC8D-FFB3-4C5F-8B77-ABAC84616E5D}.Debug XNA 2.0|x86.ActiveCfg = Debug|x86
		{0B12DC8D-FFB3-4C5F-8B77-ABAC84616E5D}.Debug XNA 2.0|x86.Build.0 = Debug|x86
		{0B12DC8D-FFB3-4C5F-8B77-ABAC84616E5D}.Debug XNA 3.0|Any CPU.ActiveCfg = Debug|x86
		{0B12DC8D-FFB3-4C5F-8B77-ABAC84616E5D}.Debug XNA 3.0|Any CPU.Build.0 = Debug|x86
		{0B12DC8D-FFB3-4C5F-8B77-ABAC84616E5D}.Debug XNA 3.0|Mixed Platforms.ActiveCfg = Debug|x86
		{0B12DC8D-FFB3-4C5F-8B77-ABAC84616E5D}.Debug XNA 3.0|Mixed Platforms.Build.0 = Debug|x86
		{0B12DC8D-FFB3-4C5F-8B77-ABAC84616E5D}.Debug XNA 3.0|Win32.ActiveCfg = Debug|x86
		{0B12DC8D-FFB3-4C5F-8B77-ABAC84616E5D}.Debug XNA 3.0|x86.ActiveCfg = Debug|x86
		{0B12DC8D-FFB3-4C5F-8B77-ABAC84616E5D}.Debug XNA 3.0|x86.Build.0 = Debug|x86
		{0B12DC8D-FFB3-4C5F-8B77-ABAC84616E5D}.Release MDX|Any CPU.ActiveCfg = Release|x86
		{0B12DC8D-FFB3-4C5F-8B77-ABAC84616E5D}.Release MDX|Mixed Platforms.ActiveCfg = Release|x86
		{0B12DC8D-FFB3-4C5F-8B77-ABAC84616E5D}.Release MDX|Mixed Platforms.Build.0 = Release|x86
		{0B12DC8D-FFB3-4C5F-8B77-ABAC84616E5D}.Release MDX|Win32.ActiveCfg = Release|x86
		{0B12DC8D-FFB3-4C5F-8B77-ABAC84616E5D}.Release MDX|x86.ActiveCfg = Release|x86
		{0B12DC8D-FFB3-4C5F-8B77-ABAC84616E5D}.Release MDX|x86.Build.0 = Release|x86
		{0B12DC8D-FFB3-4C5F-8B77-ABAC84616E5D}.Release SlimDX|Any CPU.ActiveCfg = Release|x86
		{0B12DC8D-FFB3-4C5F-8B77-ABAC84616E5D}.Release SlimDX|Mixed Platforms.ActiveCfg = Release|x86
		{0B12DC8D-FFB3-4C5F-8B77-ABAC84616E5D}.Release SlimDX|Mixed Platforms.Build.0 = Release|x86
		{0B12DC8D-FFB3-4C5F-8B77-ABAC84616E5D}.Release SlimDX|Win32.ActiveCfg = Release|x86
		{0B12DC8D-FFB3-4C5F-8B77-ABAC84616E5D}.Release SlimDX|x86.ActiveCfg = Release|x86
		{0B12DC8D-FFB3-4C5F-8B77-ABAC84616E5D}.Release SlimDX|x86.Build.0 = Release|x86
		{0B12DC8D-FFB3-4C5F-8B77-ABAC84616E5D}.Release XNA 2.0|Any CPU.ActiveCfg = Release|x86
		{0B12DC8D-FFB3-4C5F-8B77-ABAC84616E5D}.Release XNA 2.0|Mixed Platforms.ActiveCfg = Release|x86
		{0B12DC8D-FFB3-4C5F-8B77-ABAC84616E5D}.Release XNA 2.0|Mixed Platforms.Build.0 = Release|x86
		{0B12DC8D-FFB3-4C5F-8B77-ABAC84616E5D}.Release XNA 2.0|Win32.ActiveCfg = Release|x86
		{0B12DC8D-FFB3-4C5F-8B77-ABAC84616E5D}.Release XNA 2.0|x86.ActiveCfg = Release|x86
		{0B12DC8D-FFB3-4C5F-8B77-ABAC84616E5D}.Release XNA 2.0|x86.Build.0 = Release|x86
		{0B12DC8D-FFB3-4C5F-8B77-ABAC84616E5D}.Release XNA 3.0|Any CPU.ActiveCfg = Release|x86
		{0B12DC8D-FFB3-4C5F-8B77-ABAC84616E5D}.Release XNA 3.0|Any CPU.Build.0 = Release|x86
		{0B12DC8D-FFB3-4C5F-8B77-ABAC84616E5D}.Release XNA 3.0|Mixed Platforms.ActiveCfg = Release|x86
		{0B12DC8D-FFB3-4C5F-8B77-ABAC84616E5D}.Release XNA 3.0|Mixed Platforms.Build.0 = Release|x86
		{0B12DC8D-FFB3-4C5F-8B77-ABAC84616E5D}.Release XNA 3.0|Win32.ActiveCfg = Release|x86
		{0B12DC8D-FFB3-4C5F-8B77-ABAC84616E5D}.Release XNA 3.0|x86.ActiveCfg = Release|x86
		{0B12DC8D-FFB3-4C5F-8B77-ABAC84616E5D}.Release XNA 3.0|x86.Build.0 = Release|x86
		{230CFCF6-6A4F-45EF-943E-A4A29A44161F}.Debug MDX|Any CPU.ActiveCfg = Debug|x86
		{230CFCF6-6A4F-45EF-943E-A4A29A44161F}.Debug MDX|Mixed Platforms.ActiveCfg = Debug|x86
		{230CFCF6-6A4F-45EF-943E-A4A29A44161F}.Debug MDX|Mixed Platforms.Build.0 = Debug|x86
		{230CFCF6-6A4F-45EF-943E-A4A29A44161F}.Debug MDX|Win32.ActiveCfg = Debug|x86
		{230CFCF6-6A4F-45EF-943E-A4A29A44161F}.Debug MDX|x86.ActiveCfg = Debug|x86
		{230CFCF6-6A4F-45EF-943E-A4A29A44161F}.Debug MDX|x86.Build.0 = Debug|x86
		{230CFCF6-6A4F-45EF-943E-A4A29A44161F}.Debug SlimDX|Any CPU.ActiveCfg = Debug|x86
		{230CFCF6-6A4F-45EF-943E-A4A29A44161F}.Debug SlimDX|Mixed Platforms.ActiveCfg = Debug|x86
		{230CFCF6-6A4F-45EF-943E-A4A29A44161F}.Debug SlimDX|Mixed Platforms.Build.0 = Debug|x86
		{230CFCF6-6A4F-45EF-943E-A4A29A44161F}.Debug SlimDX|Win32.ActiveCfg = Debug|x86
		{230CFCF6-6A4F-45EF-943E-A4A29A44161F}.Debug SlimDX|x86.ActiveCfg = Debug|x86
		{230CFCF6-6A4F-45EF-943E-A4A29A44161F}.Debug SlimDX|x86.Build.0 = Debug|x86
		{230CFCF6-6A4F-45EF-943E-A4A29A44161F}.Debug XNA 2.0|Any CPU.ActiveCfg = Debug|x86
		{230CFCF6-6A4F-45EF-943E-A4A29A44161F}.Debug XNA 2.0|Mixed Platforms.ActiveCfg = Debug|x86
		{230CFCF6-6A4F-45EF-943E-A4A29A44161F}.Debug XNA 2.0|Mixed Platforms.Build.0 = Debug|x86
		{230CFCF6-6A4F-45EF-943E-A4A29A44161F}.Debug XNA 2.0|Win32.ActiveCfg = Debug|x86
		{230CFCF6-6A4F-45EF-943E-A4A29A44161F}.Debug XNA 2.0|x86.ActiveCfg = Debug|x86
		{230CFCF6-6A4F-45EF-943E-A4A29A44161F}.Debug XNA 2.0|x86.Build.0 = Debug|x86
		{230CFCF6-6A4F-45EF-943E-A4A29A44161F}.Debug XNA 3.0|Any CPU.ActiveCfg = Debug|x86
		{230CFCF6-6A4F-45EF-943E-A4A29A44161F}.Debug XNA 3.0|Any CPU.Build.0 = Debug|x86
		{230CFCF6-6A4F-45EF-943E-A4A29A44161F}.Debug XNA 3.0|Mixed Platforms.ActiveCfg = Debug|x86
		{230CFCF6-6A4F-45EF-943E-A4A29A44161F}.Debug XNA 3.0|Mixed Platforms.Build.0 = Debug|x86
		{230CFCF6-6A4F-45EF-943E-A4A29A44161F}.Debug XNA 3.0|Win32.ActiveCfg = Debug|x86
		{230CFCF6-6A4F-45EF-943E-A4A29A44161F}.Debug XNA 3.0|x86.ActiveCfg = Debug|x86
		{230CFCF6-6A4F-45EF-943E-A4A29A44161F}.Debug XNA 3.0|x86.Build.0 = Debug|x86
		{230CFCF6-6A4F-45EF-943E-A4A29A44161F}.Release MDX|Any CPU.ActiveCfg = Release|x86
		{230CFCF6-6A4F-45EF-943E-A4A29A44161F}.Release MDX|Mixed Platforms.ActiveCfg = Release|x86
		{230CFCF6-6A4F-45EF-943E-A4A29A44161F}.Release MDX|Mixed Platforms.Build.0 = Release|x86
		{230CFCF6-6A4F-45EF-943E-A4A29A44161F}.Release MDX|Win32.ActiveCfg = Release|x86
		{230CFCF6-6A4F-45EF-943E-A4A29A44161F}.Release MDX|x86.ActiveCfg = Release|x86
		{230CFCF6-6A4F-45EF-943E-A4A29A44161F}.Release MDX|x86.Build.0 = Release|x86
		{230CFCF6-6A4F-45EF-943E-A4A29A44161F}.Release SlimDX|Any CPU.ActiveCfg = Release|x86
		{230CFCF6-6A4F-45EF-943E-A4A29A44161F}.Release SlimDX|Mixed Platforms.ActiveCfg = Release|x86
		{230CFCF6-6A4F-45EF-943E-A4A29A44161F}.Release SlimDX|Mixed Platforms.Build.0 = Release|x86
		{230CFCF6-6A4F-45EF-943E-A4A29A44161F}.Release SlimDX|Win32.ActiveCfg = Release|x86
		{230CFCF6-6A4F-45EF-943E-A4A29A44161F}.Release SlimDX|x86.ActiveCfg = Release|x86
		{230CFCF6-6A4F-45EF-943E-A4A29A44161F}.Release SlimDX|x86.Build.0 = Release|x86
		{230CFCF6-6A4F-45EF-943E-A4A29A44161F}.Release XNA 2.0|Any CPU.ActiveCfg = Release|x86
		{230CFCF6-6A4F-45EF-943E-A4A29A44161F}.Release XNA 2.0|Mixed Platforms.ActiveCfg = Release|x86
		{230CFCF6-6A4F-45EF-943E-A4A29A44161F}.Release XNA 2.0|Mixed Platforms.Build.0 = Release|x86
		{230CFCF6-6A4F-45EF-943E-A4A29A44161F}.Release XNA 2.0|Win32.ActiveCfg = Release|x86
		{230CFCF6-6A4F-45EF-943E-A4A29A44161F}.Release XNA 2.0|x86.ActiveCfg = Release|x86
		{230CFCF6-6A4F-45EF-943E-A4A29A44161F}.Release XNA 2.0|x86.Build.0 = Release|x86
		{230CFCF6-6A4F-45EF-943E-A4A29A44161F}.Release XNA 3.0|Any CPU.ActiveCfg = Release|x86
		{230CFCF6-6A4F-45EF-943E-A4A29A44161F}.Release XNA 3.0|Any CPU.Build.0 = Release|x86
		{230CFCF6-6A4F-45EF-943E-A4A29A44161F}.Release XNA 3.0|Mixed Platforms.ActiveCfg = Release|x86
		{230CFCF6-6A4F-45EF-943E-A4A29A44161F}.Release XNA 3.0|Mixed Platforms.Build.0 = Release|x86
		{230CFCF6-6A4F-45EF-943E-A4A29A44161F}.Release XNA 3.0|Win32.ActiveCfg = Release|x86
		{230CFCF6-6A4F-45EF-943E-A4A29A44161F}.Release XNA 3.0|x86.ActiveCfg = Release|x86
		{230CFCF6-6A4F-45EF-943E-A4A29A44161F}.Release XNA 3.0|x86.Build.0 = Release|x86
		{DFBFF094-924B-4E59-A152-C20B5F22A571}.Debug MDX|Any CPU.ActiveCfg = Debug|x86
		{DFBFF094-924B-4E59-A152-C20B5F22A571}.Debug MDX|Mixed Platforms.ActiveCfg = Debug|x86
		{DFBFF094-924B-4E59-A152-C20B5F22A571}.Debug MDX|Mixed Platforms.Build.0 = Debug|x86
		{DFBFF094-924B-4E59-A152-C20B5F22A571}.Debug MDX|Win32.ActiveCfg = Debug|x86
		{DFBFF094-924B-4E59-A152-C20B5F22A571}.Debug MDX|x86.ActiveCfg = Debug|x86
		{DFBFF094-924B-4E59-A152-C20B5F22A571}.Debug MDX|x86.Build.0 = Debug|x86
		{DFBFF094-924B-4E59-A152-C20B5F22A571}.Debug SlimDX|Any CPU.ActiveCfg = Debug|x86
		{DFBFF094-924B-4E59-A152-C20B5F22A571}.Debug SlimDX|Mixed Platforms.ActiveCfg = Debug|x86
		{DFBFF094-924B-4E59-A152-C20B5F22A571}.Debug SlimDX|Mixed Platforms.Build.0 = Debug|x86
		{DFBFF094-924B-4E59-A152-C20B5F22A571}.Debug SlimDX|Win32.ActiveCfg = Debug|x86
		{DFBFF094-924B-4E59-A152-C20B5F22A571}.Debug SlimDX|x86.ActiveCfg = Debug|x86
		{DFBFF094-924B-4E59-A152-C20B5F22A571}.Debug SlimDX|x86.Build.0 = Debug|x86
		{DFBFF094-924B-4E59-A152-C20B5F22A571}.Debug XNA 2.0|Any CPU.ActiveCfg = Debug|x86
		{DFBFF094-924B-4E59-A152-C20B5F22A571}.Debug XNA 2.0|Mixed Platforms.ActiveCfg = Debug|x86
		{DFBFF094-924B-4E59-A152-C20B5F22A571}.Debug XNA 2.0|Mixed Platforms.Build.0 = Debug|x86
		{DFBFF094-924B-4E59-A152-C20B5F22A571}.Debug XNA 2.0|Win32.ActiveCfg = Debug|x86
		{DFBFF094-924B-4E59-A152-C20B5F22A571}.Debug XNA 2.0|x86.ActiveCfg = Debug|x86
		{DFBFF094-924B-4E59-A152-C20B5F22A571}.Debug XNA 2.0|x86.Build.0 = Debug|x86
		{DFBFF094-924B-4E59-A152-C20B5F22A571}.Debug XNA 3.0|Any CPU.ActiveCfg = Debug|x86
		{DFBFF094-924B-4E59-A152-C20B5F22A571}.Debug XNA 3.0|Any CPU.Build.0 = Debug|x86
		{DFBFF094-924B-4E59-A152-C20B5F22A571}.Debug XNA 3.0|Mixed Platforms.ActiveCfg = Debug|x86
		{DFBFF094-924B-4E59-A152-C20B5F22A571}.Debug XNA 3.0|Mixed Platforms.Build.0 = Debug|x86
		{DFBFF094-924B-4E59-A152-C20B5F22A571}.Debug XNA 3.0|Win32.ActiveCfg = Debug|x86
		{DFBFF094-924B-4E59-A152-C20B5F22A571}.Debug XNA 3.0|x86.ActiveCfg = Debug|x86
		{DFBFF094-924B-4E59-A152-C20B5F22A571}.Debug XNA 3.0|x86.Build.0 = Debug|x86
		{DFBFF094-924B-4E59-A152-C20B5F22A571}.Release MDX|Any CPU.ActiveCfg = Release|x86
		{DFBFF094-924B-4E59-A152-C20B5F22A571}.Release MDX|Mixed Platforms.ActiveCfg = Release|x86
		{DFBFF094-924B-4E59-A152-C20B5F22A571}.Release MDX|Mixed Platforms.Build.0 = Release|x86
		{DFBFF094-924B-4E59-A152-C20B5F22A571}.Release MDX|Win32.ActiveCfg = Release|x86
		{DFBFF094-924B-4E59-A152-C20B5F22A571}.Release MDX|x86.ActiveCfg = Release|x86
		{DFBFF094-924B-4E59-A152-C20B5F22A571}.Release MDX|x86.Build.0 = Release|x86
		{DFBFF094-924B-4E59-A152-C20B5F22A571}.Release SlimDX|Any CPU.ActiveCfg = Release|x86
		{DFBFF094-924B-4E59-A152-C20B5F22A571}.Release SlimDX|Mixed Platforms.ActiveCfg = Release|x86
		{DFBFF094-924B-4E59-A152-C20B5F22A571}.Release SlimDX|Mixed Platforms.Build.0 = Release|x86
		{DFBFF094-924B-4E59-A152-C20B5F22A571}.Release SlimDX|Win32.ActiveCfg = Release|x86
		{DFBFF094-924B-4E59-A152-C20B5F22A571}.Release SlimDX|x86.ActiveCfg = Release|x86
		{DFBFF094-924B-4E59-A152-C20B5F22A571}.Release SlimDX|x86.Build.0 = Release|x86
		{DFBFF094-924B-4E59-A152-C20B5F22A571}.Release XNA 2.0|Any CPU.ActiveCfg = Release|x86
		{DFBFF094-924B-4E59-A152-C20B5F22A571}.Release XNA 2.0|Mixed Platforms.ActiveCfg = Release|x86
		{DFBFF094-924B-4E59-A152-C20B5F22A571}.Release XNA 2.0|Mixed Platforms.Build.0 = Release|x86
		{DFBFF094-924B-4E59-A152-C20B5F22A571}.Release XNA 2.0|Win32.ActiveCfg = Release|x86
		{DFBFF094-924B-4E59-A152-C20B5F22A571}.Release XNA 2.0|x86.ActiveCfg = Release|x86
		{DFBFF094-924B-4E59-A152-C20B5F22A571}.Release XNA 2.0|x86.Build.0 = Release|x86
		{DFBFF094-924B-4E59-A152-C20B5F22A571}.Release XNA 3.0|Any CPU.ActiveCfg = Release|x86
		{DFBFF094-924B-4E59-A152-C20B5F22A571}.Release XNA 3.0|Any CPU.Build.0 = Release|x86
		{DFBFF094-924B-4E59-A152-C20B5F22A571}.Release XNA 3.0|Mixed Platforms.ActiveCfg = Release|x86
		{DFBFF094-924B-4E59-A152-C20B5F22A571}.Release XNA 3.0|Mixed Platforms.Build.0 = Release|x86
		{DFBFF094-924B-4E59-A152-C20B5F22A571}.Release XNA 3.0|Win32.ActiveCfg = Release|x86
		{DFBFF094-924B-4E59-A152-C20B5F22A571}.Release XNA 3.0|x86.ActiveCfg = Release|x86
		{DFBFF094-924B-4E59-A152-C20B5F22A571}.Release XNA 3.0|x86.Build.0 = Release|x86
		{8C5BD459-411A-4F60-92B0-9CC18D2F49AB}.Debug MDX|Any CPU.ActiveCfg = Debug|x86
		{8C5BD459-411A-4F60-92B0-9CC18D2F49AB}.Debug MDX|Mixed Platforms.ActiveCfg = Debug|x86
		{8C5BD459-411A-4F60-92B0-9CC18D2F49AB}.Debug MDX|Win32.ActiveCfg = Debug|x86
		{8C5BD459-411A-4F60-92B0-9CC18D2F49AB}.Debug MDX|x86.ActiveCfg = Debug|x86
		{8C5BD459-411A-4F60-92B0-9CC18D2F49AB}.Debug SlimDX|Any CPU.ActiveCfg = Debug|x86
		{8C5BD459-411A-4F60-92B0-9CC18D2F49AB}.Debug SlimDX|Mixed Platforms.ActiveCfg = Debug|x86
		{8C5BD459-411A-4F60-92B0-9CC18D2F49AB}.Debug SlimDX|Win32.ActiveCfg = Debug|x86
		{8C5BD459-411A-4F60-92B0-9CC18D2F49AB}.Debug SlimDX|x86.ActiveCfg = Debug|x86
		{8C5BD459-411A-4F60-92B0-9CC18D2F49AB}.Debug XNA 2.0|Any CPU.ActiveCfg = Debug|x86
		{8C5BD459-411A-4F60-92B0-9CC18D2F49AB}.Debug XNA 2.0|Mixed Platforms.ActiveCfg = Debug|x86
		{8C5BD459-411A-4F60-92B0-9CC18D2F49AB}.Debug XNA 2.0|Win32.ActiveCfg = Debug|x86
		{8C5BD459-411A-4F60-92B0-9CC18D2F49AB}.Debug XNA 2.0|x86.ActiveCfg = Debug|x86
		{8C5BD459-411A-4F60-92B0-9CC18D2F49AB}.Debug XNA 3.0|Any CPU.ActiveCfg = Debug|x86
		{8C5BD459-411A-4F60-92B0-9CC18D2F49AB}.Debug XNA 3.0|Mixed Platforms.ActiveCfg = Debug|x86
		{8C5BD459-411A-4F60-92B0-9CC18D2F49AB}.Debug XNA 3.0|Win32.ActiveCfg = Debug|x86
		{8C5BD459-411A-4F60-92B0-9CC18D2F49AB}.Debug XNA 3.0|x86.ActiveCfg = Debug|x86
		{8C5BD459-411A-4F60-92B0-9CC18D2F49AB}.Release MDX|Any CPU.ActiveCfg = Release|x86
		{8C5BD459-411A-4F60-92B0-9CC18D2F49AB}.Release MDX|Mixed Platforms.ActiveCfg = Release|x86
		{8C5BD459-411A-4F60-92B0-9CC18D2F49AB}.Release MDX|Win32.ActiveCfg = Release|x86
		{8C5BD459-411A-4F60-92B0-9CC18D2F49AB}.Release MDX|x86.ActiveCfg = Release|x86
		{8C5BD459-411A-4F60-92B0-9CC18D2F49AB}.Release SlimDX|Any CPU.ActiveCfg = Release|x86
		{8C5BD459-411A-4F60-92B0-9CC18D2F49AB}.Release SlimDX|Mixed Platforms.ActiveCfg = Release|x86
		{8C5BD459-411A-4F60-92B0-9CC18D2F49AB}.Release SlimDX|Win32.ActiveCfg = Release|x86
		{8C5BD459-411A-4F60-92B0-9CC18D2F49AB}.Release SlimDX|x86.ActiveCfg = Release|x86
		{8C5BD459-411A-4F60-92B0-9CC18D2F49AB}.Release XNA 2.0|Any CPU.ActiveCfg = Release|x86
		{8C5BD459-411A-4F60-92B0-9CC18D2F49AB}.Release XNA 2.0|Mixed Platforms.ActiveCfg = Release|x86
		{8C5BD459-411A-4F60-92B0-9CC18D2F49AB}.Release XNA 2.0|Win32.ActiveCfg = Release|x86
		{8C5BD459-411A-4F60-92B0-9CC18D2F49AB}.Release XNA 2.0|x86.ActiveCfg = Release|x86
		{8C5BD459-411A-4F60-92B0-9CC18D2F49AB}.Release XNA 3.0|Any CPU.ActiveCfg = Release|x86
		{8C5BD459-411A-4F60-92B0-9CC18D2F49AB}.Release XNA 3.0|Mixed Platforms.ActiveCfg = Release|x86
		{8C5BD459-411A-4F60-92B0-9CC18D2F49AB}.Release XNA 3.0|Win32.ActiveCfg = Release|x86
		{8C5BD459-411A-4F60-92B0-9CC18D2F49AB}.Release XNA 3.0|x86.ActiveCfg = Release|x86
		{9A1A2883-62D3-43C6-8F71-48015FA8E0C7}.Debug MDX|Any CPU.ActiveCfg = Debug|x86
		{9A1A2883-62D3-43C6-8F71-48015FA8E0C7}.Debug MDX|Mixed Platforms.ActiveCfg = Debug|x86
		{9A1A2883-62D3-43C6-8F71-48015FA8E0C7}.Debug MDX|Win32.ActiveCfg = Debug|x86
		{9A1A2883-62D3-43C6-8F71-48015FA8E0C7}.Debug MDX|x86.ActiveCfg = Debug|x86
		{9A1A2883-62D3-43C6-8F71-48015FA8E0C7}.Debug SlimDX|Any CPU.ActiveCfg = Debug|x86
		{9A1A2883-62D3-43C6-8F71-48015FA8E0C7}.Debug SlimDX|Mixed Platforms.ActiveCfg = Debug|x86
		{9A1A2883-62D3-43C6-8F71-48015FA8E0C7}.Debug SlimDX|Win32.ActiveCfg = Debug|x86
		{9A1A2883-62D3-43C6-8F71-48015FA8E0C7}.Debug SlimDX|x86.ActiveCfg = Debug|x86
		{9A1A2883-62D3-43C6-8F71-48015FA8E0C7}.Debug XNA 2.0|Any CPU.ActiveCfg = Debug|x86
		{9A1A2883-62D3-43C6-8F71-48015FA8E0C7}.Debug XNA 2.0|Mixed Platforms.ActiveCfg = Debug|x86
		{9A1A2883-62D3-43C6-8F71-48015FA8E0C7}.Debug XNA 2.0|Win32.ActiveCfg = Debug|x86
		{9A1A2883-62D3-43C6-8F71-48015FA8E0C7}.Debug XNA 2.0|x86.ActiveCfg = Debug|x86
		{9A1A2883-62D3-43C6-8F71-48015FA8E0C7}.Debug XNA 3.0|Any CPU.ActiveCfg = Debug|x86
		{9A1A2883-62D3-43C6-8F71-48015FA8E0C7}.Debug XNA 3.0|Mixed Platforms.ActiveCfg = Debug|x86
		{9A1A2883-62D3-43C6-8F71-48015FA8E0C7}.Debug XNA 3.0|Win32.ActiveCfg = Debug|x86
		{9A1A2883-62D3-43C6-8F71-48015FA8E0C7}.Debug XNA 3.0|x86.ActiveCfg = Debug|x86
		{9A1A2883-62D3-43C6-8F71-48015FA8E0C7}.Release MDX|Any CPU.ActiveCfg = Release|x86
		{9A1A2883-62D3-43C6-8F71-48015FA8E0C7}.Release MDX|Mixed Platforms.ActiveCfg = Release|x86
		{9A1A2883-62D3-43C6-8F71-48015FA8E0C7}.Release MDX|Win32.ActiveCfg = Release|x86
		{9A1A2883-62D3-43C6-8F71-48015FA8E0C7}.Release MDX|x86.ActiveCfg = Release|x86
		{9A1A2883-62D3-43C6-8F71-48015FA8E0C7}.Release SlimDX|Any CPU.ActiveCfg = Release|x86
		{9A1A2883-62D3-43C6-8F71-48015FA8E0C7}.Release SlimDX|Mixed Platforms.ActiveCfg = Release|x86
		{9A1A2883-62D3-43C6-8F71-48015FA8E0C7}.Release SlimDX|Win32.ActiveCfg = Release|x86
		{9A1A2883-62D3-43C6-8F71-48015FA8E0C7}.Release SlimDX|x86.ActiveCfg = Release|x86
		{9A1A2883-62D3-43C6-8F71-48015FA8E0C7}.Release XNA 2.0|Any CPU.ActiveCfg = Release|x86
		{9A1A2883-62D3-43C6-8F71-48015FA8E0C7}.Release XNA 2.0|Mixed Platforms.ActiveCfg = Release|x86
		{9A1A2883-62D3-43C6-8F71-48015FA8E0C7}.Release XNA 2.0|Win32.ActiveCfg = Release|x86
		{9A1A2883-62D3-43C6-8F71-48015FA8E0C7}.Release XNA 2.0|x86.ActiveCfg = Release|x86
		{9A1A2883-62D3-43C6-8F71-48015FA8E0C7}.Release XNA 3.0|Any CPU.ActiveCfg = Release|x86
		{9A1A2883-62D3-43C6-8F71-48015FA8E0C7}.Release XNA 3.0|Mixed Platforms.ActiveCfg = Release|x86
		{9A1A2883-62D3-43C6-8F71-48015FA8E0C7}.Release XNA 3.0|Win32.ActiveCfg = Release|x86
		{9A1A2883-62D3-43C6-8F71-48015FA8E0C7}.Release XNA 3.0|x86.ActiveCfg = Release|x86
		{6AB0CAA7-33DB-43AF-BBD2-13AB832DE077}.Debug MDX|Any CPU.ActiveCfg = Debug|x86
		{6AB0CAA7-33DB-43AF-BBD2-13AB832DE077}.Debug MDX|Mixed Platforms.ActiveCfg = Debug|x86
		{6AB0CAA7-33DB-43AF-BBD2-13AB832DE077}.Debug MDX|Win32.ActiveCfg = Debug|x86
		{6AB0CAA7-33DB-43AF-BBD2-13AB832DE077}.Debug MDX|x86.ActiveCfg = Debug|x86
		{6AB0CAA7-33DB-43AF-BBD2-13AB832DE077}.Debug SlimDX|Any CPU.ActiveCfg = Debug|x86
		{6AB0CAA7-33DB-43AF-BBD2-13AB832DE077}.Debug SlimDX|Mixed Platforms.ActiveCfg = Debug|x86
		{6AB0CAA7-33DB-43AF-BBD2-13AB832DE077}.Debug SlimDX|Win32.ActiveCfg = Debug|x86
		{6AB0CAA7-33DB-43AF-BBD2-13AB832DE077}.Debug SlimDX|x86.ActiveCfg = Debug|x86
		{6AB0CAA7-33DB-43AF-BBD2-13AB832DE077}.Debug XNA 2.0|Any CPU.ActiveCfg = Debug|x86
		{6AB0CAA7-33DB-43AF-BBD2-13AB832DE077}.Debug XNA 2.0|Mixed Platforms.ActiveCfg = Debug|x86
		{6AB0CAA7-33DB-43AF-BBD2-13AB832DE077}.Debug XNA 2.0|Win32.ActiveCfg = Debug|x86
		{6AB0CAA7-33DB-43AF-BBD2-13AB832DE077}.Debug XNA 2.0|x86.ActiveCfg = Debug|x86
		{6AB0CAA7-33DB-43AF-BBD2-13AB832DE077}.Debug XNA 3.0|Any CPU.ActiveCfg = Debug|x86
		{6AB0CAA7-33DB-43AF-BBD2-13AB832DE077}.Debug XNA 3.0|Mixed Platforms.ActiveCfg = Debug|x86
		{6AB0CAA7-33DB-43AF-BBD2-13AB832DE077}.Debug XNA 3.0|Win32.ActiveCfg = Debug|x86
		{6AB0CAA7-33DB-43AF-BBD2-13AB832DE077}.Debug XNA 3.0|x86.ActiveCfg = Debug|x86
		{6AB0CAA7-33DB-43AF-BBD2-13AB832DE077}.Release MDX|Any CPU.ActiveCfg = Release|x86
		{6AB0CAA7-33DB-43AF-BBD2-13AB832DE077}.Release MDX|Mixed Platforms.ActiveCfg = Release|x86
		{6AB0CAA7-33DB-43AF-BBD2-13AB832DE077}.Release MDX|Win32.ActiveCfg = Release|x86
		{6AB0CAA7-33DB-43AF-BBD2-13AB832DE077}.Release MDX|x86.ActiveCfg = Release|x86
		{6AB0CAA7-33DB-43AF-BBD2-13AB832DE077}.Release SlimDX|Any CPU.ActiveCfg = Release|x86
		{6AB0CAA7-33DB-43AF-BBD2-13AB832DE077}.Release SlimDX|Mixed Platforms.ActiveCfg = Release|x86
		{6AB0CAA7-33DB-43AF-BBD2-13AB832DE077}.Release SlimDX|Win32.ActiveCfg = Release|x86
		{6AB0CAA7-33DB-43AF-BBD2-13AB832DE077}.Release SlimDX|x86.ActiveCfg = Release|x86
		{6AB0CAA7-33DB-43AF-BBD2-13AB832DE077}.Release XNA 2.0|Any CPU.ActiveCfg = Release|x86
		{6AB0CAA7-33DB-43AF-BBD2-13AB832DE077}.Release XNA 2.0|Mixed Platforms.ActiveCfg = Release|x86
		{6AB0CAA7-33DB-43AF-BBD2-13AB832DE077}.Release XNA 2.0|Win32.ActiveCfg = Release|x86
		{6AB0CAA7-33DB-43AF-BBD2-13AB832DE077}.Release XNA 2.0|x86.ActiveCfg = Release|x86
		{6AB0CAA7-33DB-43AF-BBD2-13AB832DE077}.Release XNA 3.0|Any CPU.ActiveCfg = Release|x86
		{6AB0CAA7-33DB-43AF-BBD2-13AB832DE077}.Release XNA 3.0|Mixed Platforms.ActiveCfg = Release|x86
		{6AB0CAA7-33DB-43AF-BBD2-13AB832DE077}.Release XNA 3.0|Win32.ActiveCfg = Release|x86
		{6AB0CAA7-33DB-43AF-BBD2-13AB832DE077}.Release XNA 3.0|x86.ActiveCfg = Release|x86
		{F12F1413-E030-41F5-8D2F-46F66BCC6547}.Debug MDX|Any CPU.ActiveCfg = Debug|x86
		{F12F1413-E030-41F5-8D2F-46F66BCC6547}.Debug MDX|Mixed Platforms.ActiveCfg = Debug|x86
		{F12F1413-E030-41F5-8D2F-46F66BCC6547}.Debug MDX|Win32.ActiveCfg = Debug|x86
		{F12F1413-E030-41F5-8D2F-46F66BCC6547}.Debug MDX|x86.ActiveCfg = Debug|x86
		{F12F1413-E030-41F5-8D2F-46F66BCC6547}.Debug SlimDX|Any CPU.ActiveCfg = Debug|x86
		{F12F1413-E030-41F5-8D2F-46F66BCC6547}.Debug SlimDX|Mixed Platforms.ActiveCfg = Debug|x86
		{F12F1413-E030-41F5-8D2F-46F66BCC6547}.Debug SlimDX|Win32.ActiveCfg = Debug|x86
		{F12F1413-E030-41F5-8D2F-46F66BCC6547}.Debug SlimDX|x86.ActiveCfg = Debug|x86
		{F12F1413-E030-41F5-8D2F-46F66BCC6547}.Debug XNA 2.0|Any CPU.ActiveCfg = Debug|x86
		{F12F1413-E030-41F5-8D2F-46F66BCC6547}.Debug XNA 2.0|Mixed Platforms.ActiveCfg = Debug|x86
		{F12F1413-E030-41F5-8D2F-46F66BCC6547}.Debug XNA 2.0|Win32.ActiveCfg = Debug|x86
		{F12F1413-E030-41F5-8D2F-46F66BCC6547}.Debug XNA 2.0|x86.ActiveCfg = Debug|x86
		{F12F1413-E030-41F5-8D2F-46F66BCC6547}.Debug XNA 3.0|Any CPU.ActiveCfg = Debug|x86
		{F12F1413-E030-41F5-8D2F-46F66BCC6547}.Debug XNA 3.0|Mixed Platforms.ActiveCfg = Debug|x86
		{F12F1413-E030-41F5-8D2F-46F66BCC6547}.Debug XNA 3.0|Win32.ActiveCfg = Debug|x86
		{F12F1413-E030-41F5-8D2F-46F66BCC6547}.Debug XNA 3.0|x86.ActiveCfg = Debug|x86
		{F12F1413-E030-41F5-8D2F-46F66BCC6547}.Release MDX|Any CPU.ActiveCfg = Release|x86
		{F12F1413-E030-41F5-8D2F-46F66BCC6547}.Release MDX|Mixed Platforms.ActiveCfg = Release|x86
		{F12F1413-E030-41F5-8D2F-46F66BCC6547}.Release MDX|Win32.ActiveCfg = Release|x86
		{F12F1413-E030-41F5-8D2F-46F66BCC6547}.Release MDX|x86.ActiveCfg = Release|x86
		{F12F1413-E030-41F5-8D2F-46F66BCC6547}.Release SlimDX|Any CPU.ActiveCfg = Release|x86
		{F12F1413-E030-41F5-8D2F-46F66BCC6547}.Release SlimDX|Mixed Platforms.ActiveCfg = Release|x86
		{F12F1413-E030-41F5-8D2F-46F66BCC6547}.Release SlimDX|Win32.ActiveCfg = Release|x86
		{F12F1413-E030-41F5-8D2F-46F66BCC6547}.Release SlimDX|x86.ActiveCfg = Release|x86
		{F12F1413-E030-41F5-8D2F-46F66BCC6547}.Release XNA 2.0|Any CPU.ActiveCfg = Release|x86
		{F12F1413-E030-41F5-8D2F-46F66BCC6547}.Release XNA 2.0|Mixed Platforms.ActiveCfg = Release|x86
		{F12F1413-E030-41F5-8D2F-46F66BCC6547}.Release XNA 2.0|Win32.ActiveCfg = Release|x86
		{F12F1413-E030-41F5-8D2F-46F66BCC6547}.Release XNA 2.0|x86.ActiveCfg = Release|x86
		{F12F1413-E030-41F5-8D2F-46F66BCC6547}.Release XNA 3.0|Any CPU.ActiveCfg = Release|x86
		{F12F1413-E030-41F5-8D2F-46F66BCC6547}.Release XNA 3.0|Mixed Platforms.ActiveCfg = Release|x86
		{F12F1413-E030-41F5-8D2F-46F66BCC6547}.Release XNA 3.0|Win32.ActiveCfg = Release|x86
		{F12F1413-E030-41F5-8D2F-46F66BCC6547}.Release XNA 3.0|x86.ActiveCfg = Release|x86
	EndGlobalSection
	GlobalSection(SolutionProperties) = preSolution
		HideSolutionNode = FALSE
	EndGlobalSection
	GlobalSection(NestedProjects) = preSolution
		{D126F9D4-66BB-403B-B4B6-18C3546BEDF8} = {0676D34D-F39B-4C74-B95F-3CC3B06BC9B0}
		{0B12DC8D-FFB3-4C5F-8B77-ABAC84616E5D} = {0676D34D-F39B-4C74-B95F-3CC3B06BC9B0}
		{230CFCF6-6A4F-45EF-943E-A4A29A44161F} = {0676D34D-F39B-4C74-B95F-3CC3B06BC9B0}
		{DFBFF094-924B-4E59-A152-C20B5F22A571} = {0676D34D-F39B-4C74-B95F-3CC3B06BC9B0}
	EndGlobalSection
EndGlobal
