
Microsoft Visual Studio Solution File, Format Version 11.00
# Visual Studio 2010
Project("{FAE04EC0-301F-11D3-BF4B-00C04F79EFBC}") = "CCD Skeleton", "CCD Skeleton\CCD Skeleton.csproj", "{0B12DC8D-FFB3-4C5F-8B77-ABAC84616E5D}"
EndProject
Project("{FAE04EC0-301F-11D3-BF4B-00C04F79EFBC}") = "Engine", "Engine\Engine.csproj", "{D126F9D4-66BB-403B-B4B6-18C3546BEDF8}"
EndProject
Project("{FAE04EC0-301F-11D3-BF4B-00C04F79EFBC}") = "Tearing Cloth", "Tearing Cloth\Tearing Cloth.csproj", "{D8A11046-1F58-4BE9-9404-F2D5D3083E0D}"
EndProject
Project("{FAE04EC0-301F-11D3-BF4B-00C04F79EFBC}") = "Fluid Blob", "Fluid Blob\Fluid Blob.csproj", "{6451C2B8-A5F1-4B03-813C-86E0C7C13733}"
EndProject
Project("{FAE04EC0-301F-11D3-BF4B-00C04F79EFBC}") = "Main Sample", "Main Sample\Main Sample.csproj", "{230CFCF6-6A4F-45EF-943E-A4A29A44161F}"
EndProject
Global
	GlobalSection(TeamFoundationVersionControl) = preSolution
		SccNumberOfProjects = 10
		SccEnterpriseProvider = {4CA58AB2-18FA-4F8D-95D4-32DDF27D184C}
		SccTeamFoundationServer = https://tfs.codeplex.com/tfs/tfs01
		SccLocalPath0 = .
		SccProjectUniqueName1 = CCD\u0020Skeleton\\CCD\u0020Skeleton.csproj
		SccProjectName1 = CCD\u0020Skeleton
		SccLocalPath1 = CCD\u0020Skeleton
		SccProjectUniqueName2 = CCD\u0020Skeleton\\Content\\Content.contentproj
		SccProjectTopLevelParentUniqueName2 = CCD\u0020Skeleton\\CCD\u0020Skeleton.csproj
		SccProjectName2 = CCD\u0020Skeleton/Content
		SccLocalPath2 = CCD\u0020Skeleton\\Content
		SccProjectUniqueName3 = Engine\\Engine.csproj
		SccProjectName3 = Engine
		SccLocalPath3 = Engine
		SccProjectUniqueName4 = Engine\\Content\\Content.contentproj
		SccProjectTopLevelParentUniqueName4 = Engine\\Engine.csproj
		SccProjectName4 = Engine/Content
		SccLocalPath4 = Engine\\Content
		SccProjectUniqueName5 = Tearing\u0020Cloth\\Tearing\u0020Cloth.csproj
		SccProjectName5 = Tearing\u0020Cloth
		SccLocalPath5 = Tearing\u0020Cloth
		SccProjectUniqueName6 = Tearing\u0020Cloth\\Content\\Content.contentproj
		SccProjectTopLevelParentUniqueName6 = Tearing\u0020Cloth\\Tearing\u0020Cloth.csproj
		SccProjectName6 = Tearing\u0020Cloth/Content
		SccLocalPath6 = Tearing\u0020Cloth\\Content
		SccProjectUniqueName7 = Fluid\u0020Blob\\Fluid\u0020Blob.csproj
		SccProjectName7 = Fluid\u0020Blob
		SccLocalPath7 = Fluid\u0020Blob
		SccProjectUniqueName8 = Fluid\u0020Blob\\Content\\Content.contentproj
		SccProjectTopLevelParentUniqueName8 = Fluid\u0020Blob\\Fluid\u0020Blob.csproj
		SccProjectName8 = Fluid\u0020Blob/Content
		SccLocalPath8 = Fluid\u0020Blob\\Content
		SccProjectUniqueName9 = Main\u0020Sample\\Main\u0020Sample.csproj
		SccProjectName9 = Main\u0020Sample
		SccLocalPath9 = Main\u0020Sample
	EndGlobalSection
	GlobalSection(SolutionConfigurationPlatforms) = preSolution
		Debug|x86 = Debug|x86
		Release|x86 = Release|x86
	EndGlobalSection
	GlobalSection(ProjectConfigurationPlatforms) = postSolution
		{0B12DC8D-FFB3-4C5F-8B77-ABAC84616E5D}.Debug|x86.ActiveCfg = Debug|x86
		{0B12DC8D-FFB3-4C5F-8B77-ABAC84616E5D}.Debug|x86.Build.0 = Debug|x86
		{0B12DC8D-FFB3-4C5F-8B77-ABAC84616E5D}.Release|x86.ActiveCfg = Release|x86
		{0B12DC8D-FFB3-4C5F-8B77-ABAC84616E5D}.Release|x86.Build.0 = Release|x86
		{D126F9D4-66BB-403B-B4B6-18C3546BEDF8}.Debug|x86.ActiveCfg = Debug|x86
		{D126F9D4-66BB-403B-B4B6-18C3546BEDF8}.Debug|x86.Build.0 = Debug|x86
		{D126F9D4-66BB-403B-B4B6-18C3546BEDF8}.Release|x86.ActiveCfg = Release|x86
		{D126F9D4-66BB-403B-B4B6-18C3546BEDF8}.Release|x86.Build.0 = Release|x86
		{D8A11046-1F58-4BE9-9404-F2D5D3083E0D}.Debug|x86.ActiveCfg = Debug|x86
		{D8A11046-1F58-4BE9-9404-F2D5D3083E0D}.Debug|x86.Build.0 = Debug|x86
		{D8A11046-1F58-4BE9-9404-F2D5D3083E0D}.Release|x86.ActiveCfg = Release|x86
		{D8A11046-1F58-4BE9-9404-F2D5D3083E0D}.Release|x86.Build.0 = Release|x86
		{6451C2B8-A5F1-4B03-813C-86E0C7C13733}.Debug|x86.ActiveCfg = Debug|x86
		{6451C2B8-A5F1-4B03-813C-86E0C7C13733}.Debug|x86.Build.0 = Debug|x86
		{6451C2B8-A5F1-4B03-813C-86E0C7C13733}.Release|x86.ActiveCfg = Release|x86
		{6451C2B8-A5F1-4B03-813C-86E0C7C13733}.Release|x86.Build.0 = Release|x86
		{230CFCF6-6A4F-45EF-943E-A4A29A44161F}.Debug|x86.ActiveCfg = Debug|x86
		{230CFCF6-6A4F-45EF-943E-A4A29A44161F}.Debug|x86.Build.0 = Debug|x86
		{230CFCF6-6A4F-45EF-943E-A4A29A44161F}.Release|x86.ActiveCfg = Release|x86
		{230CFCF6-6A4F-45EF-943E-A4A29A44161F}.Release|x86.Build.0 = Release|x86
	EndGlobalSection
	GlobalSection(SolutionProperties) = preSolution
		HideSolutionNode = FALSE
	EndGlobalSection
EndGlobal
