
Microsoft Visual Studio Solution File, Format Version 12.00
# Visual Studio 14
VisualStudioVersion = 14.0.24720.0
MinimumVisualStudioVersion = 10.0.40219.1
Project("{FAE04EC0-301F-11D3-BF4B-00C04F79EFBC}") = "Test", "Test\Test.csproj", "{27CD93B0-2E6E-42D3-B44A-43EAF972337E}"
EndProject
Project("{2150E333-8FDC-42A3-9474-1A3956D46DE8}") = "Solution Items", "Solution Items", "{70C15685-AF4C-41C1-9C9C-55B242A8154C}"
	ProjectSection(SolutionItems) = preProject
		Package.bat = Package.bat
		PhysX.Net.vsmdi = PhysX.Net.vsmdi
		PhysX.Net-3\PhysX.props = PhysX.Net-3\PhysX.props
		TraceAndTestImpact.testsettings = TraceAndTestImpact.testsettings
		x64.testsettings = x64.testsettings
		x86.testsettings = x86.testsettings
	EndProjectSection
EndProject
Project("{FAE04EC0-301F-11D3-BF4B-00C04F79EFBC}") = "Engine", "Samples\Engine\Engine.csproj", "{D126F9D4-66BB-403B-B4B6-18C3546BEDF8}"
EndProject
Project("{2150E333-8FDC-42A3-9474-1A3956D46DE8}") = "Samples", "Samples", "{E1E0C505-3069-4E15-980D-1C87F241C7F3}"
EndProject
Project("{FAE04EC0-301F-11D3-BF4B-00C04F79EFBC}") = "RigidBodiesSample", "Samples\RigidBodiesSample\RigidBodiesSample.csproj", "{B6FCBC86-7674-47F8-9A95-E4B8B7FD44C0}"
EndProject
Project("{FAE04EC0-301F-11D3-BF4B-00C04F79EFBC}") = "JointsSample", "Samples\JointsSample\JointsSample.csproj", "{36BAE136-2AA3-4292-BC2D-666A6A239FEB}"
EndProject
Project("{FAE04EC0-301F-11D3-BF4B-00C04F79EFBC}") = "CharacterSample", "Samples\CharacterSample\CharacterSample.csproj", "{876281DD-2748-4C1C-81FC-2CC8BE31C27F}"
EndProject
Project("{FAE04EC0-301F-11D3-BF4B-00C04F79EFBC}") = "ClothSample", "Samples\ClothSample\ClothSample.csproj", "{B3EFE92A-7B73-44F5-B91D-93BC37AE429F}"
EndProject
Project("{FAE04EC0-301F-11D3-BF4B-00C04F79EFBC}") = "FluidSample", "Samples\FluidSample\FluidSample.csproj", "{F8164306-BE0D-4165-AE47-127DFEA652D4}"
EndProject
Project("{FAE04EC0-301F-11D3-BF4B-00C04F79EFBC}") = "VehicleSample", "Samples\VehicleSample\VehicleSample.csproj", "{9DADC745-6D7C-4655-83C1-EDABC205FAEA}"
EndProject
Project("{8BC9CEB8-8B4A-11D0-8D11-00A0C91BC942}") = "PhysX.Net", "PhysX.Net-3\PhysX.Net-3.vcxproj", "{FB145A7D-CDF2-417D-A006-F7591481D609}"
EndProject
Project("{2150E333-8FDC-42A3-9474-1A3956D46DE8}") = ".nuget", ".nuget", "{1E724E10-CBF3-4755-A9A7-E15689A1B798}"
	ProjectSection(SolutionItems) = preProject
		.nuget\NuGet.Config = .nuget\NuGet.Config
		.nuget\NuGet.exe = .nuget\NuGet.exe
		.nuget\NuGet.targets = .nuget\NuGet.targets
	EndProjectSection
EndProject
Project("{2150E333-8FDC-42A3-9474-1A3956D46DE8}") = "nuspec", "nuspec", "{A965FAAA-D802-4E8B-97ED-D32167027628}"
	ProjectSection(SolutionItems) = preProject
		Install.ps1 = Install.ps1
		Packaging.txt = Packaging.txt
		PhysX.Net-x64.nuspec = PhysX.Net-x64.nuspec
	EndProjectSection
EndProject
Project("{FAE04EC0-301F-11D3-BF4B-00C04F79EFBC}") = "EventsSample", "EventsSample\EventsSample.csproj", "{63850BCF-F575-4883-B6F6-8E09C224BB80}"
EndProject
Project("{FAE04EC0-301F-11D3-BF4B-00C04F79EFBC}") = "DoublePendulumSample", "Samples\DoublePendulumSample\DoublePendulumSample.csproj", "{B6083AFF-4360-4182-A14B-FD7A423EA579}"
EndProject
Global
	GlobalSection(SolutionConfigurationPlatforms) = preSolution
		Checked|x64 = Checked|x64
		Checked|x86 = Checked|x86
		Release|x64 = Release|x64
		Release|x86 = Release|x86
	EndGlobalSection
	GlobalSection(ProjectConfigurationPlatforms) = postSolution
		{27CD93B0-2E6E-42D3-B44A-43EAF972337E}.Checked|x64.ActiveCfg = Checked|x64
		{27CD93B0-2E6E-42D3-B44A-43EAF972337E}.Checked|x64.Build.0 = Checked|x64
		{27CD93B0-2E6E-42D3-B44A-43EAF972337E}.Checked|x86.ActiveCfg = Checked|x86
		{27CD93B0-2E6E-42D3-B44A-43EAF972337E}.Checked|x86.Build.0 = Checked|x86
		{27CD93B0-2E6E-42D3-B44A-43EAF972337E}.Release|x64.ActiveCfg = Release|x64
		{27CD93B0-2E6E-42D3-B44A-43EAF972337E}.Release|x64.Build.0 = Release|x64
		{27CD93B0-2E6E-42D3-B44A-43EAF972337E}.Release|x86.ActiveCfg = Release|x86
		{27CD93B0-2E6E-42D3-B44A-43EAF972337E}.Release|x86.Build.0 = Release|x86
		{D126F9D4-66BB-403B-B4B6-18C3546BEDF8}.Checked|x64.ActiveCfg = Checked|x64
		{D126F9D4-66BB-403B-B4B6-18C3546BEDF8}.Checked|x64.Build.0 = Checked|x64
		{D126F9D4-66BB-403B-B4B6-18C3546BEDF8}.Checked|x86.ActiveCfg = Checked|x86
		{D126F9D4-66BB-403B-B4B6-18C3546BEDF8}.Checked|x86.Build.0 = Checked|x86
		{D126F9D4-66BB-403B-B4B6-18C3546BEDF8}.Release|x64.ActiveCfg = Checked|x86
		{D126F9D4-66BB-403B-B4B6-18C3546BEDF8}.Release|x86.ActiveCfg = Checked|x86
		{B6FCBC86-7674-47F8-9A95-E4B8B7FD44C0}.Checked|x64.ActiveCfg = Checked|x64
		{B6FCBC86-7674-47F8-9A95-E4B8B7FD44C0}.Checked|x64.Build.0 = Checked|x64
		{B6FCBC86-7674-47F8-9A95-E4B8B7FD44C0}.Checked|x86.ActiveCfg = Checked|x86
		{B6FCBC86-7674-47F8-9A95-E4B8B7FD44C0}.Checked|x86.Build.0 = Checked|x86
		{B6FCBC86-7674-47F8-9A95-E4B8B7FD44C0}.Release|x64.ActiveCfg = Checked|x86
		{B6FCBC86-7674-47F8-9A95-E4B8B7FD44C0}.Release|x86.ActiveCfg = Checked|x86
		{36BAE136-2AA3-4292-BC2D-666A6A239FEB}.Checked|x64.ActiveCfg = Checked|x64
		{36BAE136-2AA3-4292-BC2D-666A6A239FEB}.Checked|x64.Build.0 = Checked|x64
		{36BAE136-2AA3-4292-BC2D-666A6A239FEB}.Checked|x86.ActiveCfg = Checked|x86
		{36BAE136-2AA3-4292-BC2D-666A6A239FEB}.Checked|x86.Build.0 = Checked|x86
		{36BAE136-2AA3-4292-BC2D-666A6A239FEB}.Release|x64.ActiveCfg = Checked|x86
		{36BAE136-2AA3-4292-BC2D-666A6A239FEB}.Release|x86.ActiveCfg = Checked|x86
		{876281DD-2748-4C1C-81FC-2CC8BE31C27F}.Checked|x64.ActiveCfg = Checked|x64
		{876281DD-2748-4C1C-81FC-2CC8BE31C27F}.Checked|x64.Build.0 = Checked|x64
		{876281DD-2748-4C1C-81FC-2CC8BE31C27F}.Checked|x86.ActiveCfg = Checked|x86
		{876281DD-2748-4C1C-81FC-2CC8BE31C27F}.Checked|x86.Build.0 = Checked|x86
		{876281DD-2748-4C1C-81FC-2CC8BE31C27F}.Release|x64.ActiveCfg = Checked|x86
		{876281DD-2748-4C1C-81FC-2CC8BE31C27F}.Release|x86.ActiveCfg = Checked|x86
		{B3EFE92A-7B73-44F5-B91D-93BC37AE429F}.Checked|x64.ActiveCfg = Checked|x64
		{B3EFE92A-7B73-44F5-B91D-93BC37AE429F}.Checked|x64.Build.0 = Checked|x64
		{B3EFE92A-7B73-44F5-B91D-93BC37AE429F}.Checked|x86.ActiveCfg = Checked|x86
		{B3EFE92A-7B73-44F5-B91D-93BC37AE429F}.Checked|x86.Build.0 = Checked|x86
		{B3EFE92A-7B73-44F5-B91D-93BC37AE429F}.Release|x64.ActiveCfg = Checked|x86
		{B3EFE92A-7B73-44F5-B91D-93BC37AE429F}.Release|x86.ActiveCfg = Checked|x86
		{F8164306-BE0D-4165-AE47-127DFEA652D4}.Checked|x64.ActiveCfg = Checked|x64
		{F8164306-BE0D-4165-AE47-127DFEA652D4}.Checked|x64.Build.0 = Checked|x64
		{F8164306-BE0D-4165-AE47-127DFEA652D4}.Checked|x86.ActiveCfg = Checked|x86
		{F8164306-BE0D-4165-AE47-127DFEA652D4}.Checked|x86.Build.0 = Checked|x86
		{F8164306-BE0D-4165-AE47-127DFEA652D4}.Release|x64.ActiveCfg = Checked|x86
		{F8164306-BE0D-4165-AE47-127DFEA652D4}.Release|x86.ActiveCfg = Checked|x86
		{9DADC745-6D7C-4655-83C1-EDABC205FAEA}.Checked|x64.ActiveCfg = Checked|x64
		{9DADC745-6D7C-4655-83C1-EDABC205FAEA}.Checked|x64.Build.0 = Checked|x64
		{9DADC745-6D7C-4655-83C1-EDABC205FAEA}.Checked|x86.ActiveCfg = Checked|x86
		{9DADC745-6D7C-4655-83C1-EDABC205FAEA}.Checked|x86.Build.0 = Checked|x86
		{9DADC745-6D7C-4655-83C1-EDABC205FAEA}.Release|x64.ActiveCfg = Checked|x86
		{9DADC745-6D7C-4655-83C1-EDABC205FAEA}.Release|x86.ActiveCfg = Checked|x86
		{FB145A7D-CDF2-417D-A006-F7591481D609}.Checked|x64.ActiveCfg = Checked|x64
		{FB145A7D-CDF2-417D-A006-F7591481D609}.Checked|x64.Build.0 = Checked|x64
		{FB145A7D-CDF2-417D-A006-F7591481D609}.Checked|x86.ActiveCfg = Checked|Win32
		{FB145A7D-CDF2-417D-A006-F7591481D609}.Checked|x86.Build.0 = Checked|Win32
		{FB145A7D-CDF2-417D-A006-F7591481D609}.Release|x64.ActiveCfg = Release|x64
		{FB145A7D-CDF2-417D-A006-F7591481D609}.Release|x64.Build.0 = Release|x64
		{FB145A7D-CDF2-417D-A006-F7591481D609}.Release|x86.ActiveCfg = Release|Win32
		{FB145A7D-CDF2-417D-A006-F7591481D609}.Release|x86.Build.0 = Release|Win32
		{63850BCF-F575-4883-B6F6-8E09C224BB80}.Checked|x64.ActiveCfg = Release|x64
		{63850BCF-F575-4883-B6F6-8E09C224BB80}.Checked|x64.Build.0 = Release|x64
		{63850BCF-F575-4883-B6F6-8E09C224BB80}.Checked|x86.ActiveCfg = Release|x86
		{63850BCF-F575-4883-B6F6-8E09C224BB80}.Release|x64.ActiveCfg = Release|x86
		{63850BCF-F575-4883-B6F6-8E09C224BB80}.Release|x86.ActiveCfg = Release|x86
		{63850BCF-F575-4883-B6F6-8E09C224BB80}.Release|x86.Build.0 = Release|x86
		{B6083AFF-4360-4182-A14B-FD7A423EA579}.Checked|x64.ActiveCfg = Release|x64
		{B6083AFF-4360-4182-A14B-FD7A423EA579}.Checked|x64.Build.0 = Release|x64
		{B6083AFF-4360-4182-A14B-FD7A423EA579}.Checked|x86.ActiveCfg = Release|x86
		{B6083AFF-4360-4182-A14B-FD7A423EA579}.Release|x64.ActiveCfg = Release|x86
		{B6083AFF-4360-4182-A14B-FD7A423EA579}.Release|x86.ActiveCfg = Release|x86
		{B6083AFF-4360-4182-A14B-FD7A423EA579}.Release|x86.Build.0 = Release|x86
	EndGlobalSection
	GlobalSection(SolutionProperties) = preSolution
		HideSolutionNode = FALSE
	EndGlobalSection
	GlobalSection(NestedProjects) = preSolution
		{D126F9D4-66BB-403B-B4B6-18C3546BEDF8} = {E1E0C505-3069-4E15-980D-1C87F241C7F3}
		{B6FCBC86-7674-47F8-9A95-E4B8B7FD44C0} = {E1E0C505-3069-4E15-980D-1C87F241C7F3}
		{36BAE136-2AA3-4292-BC2D-666A6A239FEB} = {E1E0C505-3069-4E15-980D-1C87F241C7F3}
		{876281DD-2748-4C1C-81FC-2CC8BE31C27F} = {E1E0C505-3069-4E15-980D-1C87F241C7F3}
		{B3EFE92A-7B73-44F5-B91D-93BC37AE429F} = {E1E0C505-3069-4E15-980D-1C87F241C7F3}
		{F8164306-BE0D-4165-AE47-127DFEA652D4} = {E1E0C505-3069-4E15-980D-1C87F241C7F3}
		{9DADC745-6D7C-4655-83C1-EDABC205FAEA} = {E1E0C505-3069-4E15-980D-1C87F241C7F3}
		{63850BCF-F575-4883-B6F6-8E09C224BB80} = {E1E0C505-3069-4E15-980D-1C87F241C7F3}
		{B6083AFF-4360-4182-A14B-FD7A423EA579} = {E1E0C505-3069-4E15-980D-1C87F241C7F3}
	EndGlobalSection
	GlobalSection(TestCaseManagementSettings) = postSolution
		CategoryFile = PhysX.Net.vsmdi
	EndGlobalSection
EndGlobal
