
Microsoft Visual Studio Solution File, Format Version 11.00
# Visual Studio 2010
Project("{8BC9CEB8-8B4A-11D0-8D11-00A0C91BC942}") = "PhysX.Net-3.0", "PhysX.Net-3.0\PhysX.Net-3.0.vcxproj", "{FB145A7D-CDF2-417D-A006-F7591481D609}"
EndProject
Project("{FAE04EC0-301F-11D3-BF4B-00C04F79EFBC}") = "Test", "Test\Test.csproj", "{27CD93B0-2E6E-42D3-B44A-43EAF972337E}"
EndProject
Project("{2150E333-8FDC-42A3-9474-1A3956D46DE8}") = "Solution Items", "Solution Items", "{70C15685-AF4C-41C1-9C9C-55B242A8154C}"
	ProjectSection(SolutionItems) = preProject
		Local.testsettings = Local.testsettings
		PhysX.Net-3.0.vsmdi = PhysX.Net-3.0.vsmdi
		TraceAndTestImpact.testsettings = TraceAndTestImpact.testsettings
	EndProjectSection
EndProject
Project("{2150E333-8FDC-42A3-9474-1A3956D46DE8}") = "Assemblies", "Assemblies", "{C30E53D2-3E99-40D6-9A1F-10316660BD96}"
EndProject
Project("{2150E333-8FDC-42A3-9474-1A3956D46DE8}") = "x86", "x86", "{B3BDE269-6BA3-41F2-A9DF-06B55DDD64B1}"
	ProjectSection(SolutionItems) = preProject
		Assemblies\x86\PhysX3_x86.dll = Assemblies\x86\PhysX3_x86.dll
		Assemblies\x86\PhysX3Cooking_x86.dll = Assemblies\x86\PhysX3Cooking_x86.dll
		Assemblies\x86\PhysX3Gpu_x86.dll = Assemblies\x86\PhysX3Gpu_x86.dll
		Assemblies\x86\PxTaskCuda.dll = Assemblies\x86\PxTaskCuda.dll
	EndProjectSection
EndProject
Project("{2150E333-8FDC-42A3-9474-1A3956D46DE8}") = "x64", "x64", "{2397F90D-2DDE-4F56-B9B8-9A50494CD181}"
	ProjectSection(SolutionItems) = preProject
		Assemblies\x64\PhysX3_x64.dll = Assemblies\x64\PhysX3_x64.dll
		Assemblies\x64\PhysX3Cooking_x64.dll = Assemblies\x64\PhysX3Cooking_x64.dll
		Assemblies\x64\PhysX3Gpu_x64.dll = Assemblies\x64\PhysX3Gpu_x64.dll
		Assemblies\x64\PxTaskCuda.dll = Assemblies\x64\PxTaskCuda.dll
	EndProjectSection
EndProject
Project("{FAE04EC0-301F-11D3-BF4B-00C04F79EFBC}") = "Engine", "Samples\Engine\Engine.csproj", "{D126F9D4-66BB-403B-B4B6-18C3546BEDF8}"
EndProject
Project("{FAE04EC0-301F-11D3-BF4B-00C04F79EFBC}") = "MainSample", "Samples\MainSample\MainSample.csproj", "{F5BB194F-90B4-4435-8A07-1AA754A9F509}"
EndProject
Global
	GlobalSection(TeamFoundationVersionControl) = preSolution
		SccNumberOfProjects = 5
		SccEnterpriseProvider = {4CA58AB2-18FA-4F8D-95D4-32DDF27D184C}
		SccTeamFoundationServer = https://tfs.codeplex.com/tfs/tfs01
		SccLocalPath0 = .
		SccProjectUniqueName1 = PhysX.Net-3.0\\PhysX.Net-3.0.vcxproj
		SccProjectName1 = PhysX.Net-3.0
		SccLocalPath1 = PhysX.Net-3.0
		SccProjectUniqueName2 = Test\\Test.csproj
		SccProjectName2 = Test
		SccLocalPath2 = Test
		SccProjectUniqueName3 = Samples\\Engine\\Engine.csproj
		SccProjectName3 = Samples/Engine
		SccLocalPath3 = Samples\\Engine
		SccProjectUniqueName4 = Samples\\MainSample\\MainSample.csproj
		SccProjectName4 = Samples/MainSample
		SccLocalPath4 = Samples\\MainSample
	EndGlobalSection
	GlobalSection(TestCaseManagementSettings) = postSolution
		CategoryFile = PhysX.Net-3.0.vsmdi
	EndGlobalSection
	GlobalSection(SolutionConfigurationPlatforms) = preSolution
		Debug|x64 = Debug|x64
		Debug|x86 = Debug|x86
		Release|x64 = Release|x64
		Release|x86 = Release|x86
	EndGlobalSection
	GlobalSection(ProjectConfigurationPlatforms) = postSolution
		{FB145A7D-CDF2-417D-A006-F7591481D609}.Debug|x64.ActiveCfg = Debug|x64
		{FB145A7D-CDF2-417D-A006-F7591481D609}.Debug|x64.Build.0 = Debug|x64
		{FB145A7D-CDF2-417D-A006-F7591481D609}.Debug|x86.ActiveCfg = Debug|Win32
		{FB145A7D-CDF2-417D-A006-F7591481D609}.Debug|x86.Build.0 = Debug|Win32
		{FB145A7D-CDF2-417D-A006-F7591481D609}.Release|x64.ActiveCfg = Release|x64
		{FB145A7D-CDF2-417D-A006-F7591481D609}.Release|x64.Build.0 = Release|x64
		{FB145A7D-CDF2-417D-A006-F7591481D609}.Release|x86.ActiveCfg = Release|Win32
		{FB145A7D-CDF2-417D-A006-F7591481D609}.Release|x86.Build.0 = Release|Win32
		{27CD93B0-2E6E-42D3-B44A-43EAF972337E}.Debug|x64.ActiveCfg = Debug|x64
		{27CD93B0-2E6E-42D3-B44A-43EAF972337E}.Debug|x64.Build.0 = Debug|x64
		{27CD93B0-2E6E-42D3-B44A-43EAF972337E}.Debug|x86.ActiveCfg = Debug|x86
		{27CD93B0-2E6E-42D3-B44A-43EAF972337E}.Debug|x86.Build.0 = Debug|x86
		{27CD93B0-2E6E-42D3-B44A-43EAF972337E}.Release|x64.ActiveCfg = Release|x64
		{27CD93B0-2E6E-42D3-B44A-43EAF972337E}.Release|x64.Build.0 = Release|x64
		{27CD93B0-2E6E-42D3-B44A-43EAF972337E}.Release|x86.ActiveCfg = Release|x86
		{27CD93B0-2E6E-42D3-B44A-43EAF972337E}.Release|x86.Build.0 = Release|x86
		{D126F9D4-66BB-403B-B4B6-18C3546BEDF8}.Debug|x64.ActiveCfg = Debug|x86
		{D126F9D4-66BB-403B-B4B6-18C3546BEDF8}.Debug|x86.ActiveCfg = Debug|x86
		{D126F9D4-66BB-403B-B4B6-18C3546BEDF8}.Debug|x86.Build.0 = Debug|x86
		{D126F9D4-66BB-403B-B4B6-18C3546BEDF8}.Release|x64.ActiveCfg = Release|x86
		{D126F9D4-66BB-403B-B4B6-18C3546BEDF8}.Release|x86.ActiveCfg = Release|x86
		{D126F9D4-66BB-403B-B4B6-18C3546BEDF8}.Release|x86.Build.0 = Release|x86
		{F5BB194F-90B4-4435-8A07-1AA754A9F509}.Debug|x64.ActiveCfg = Debug|x86
		{F5BB194F-90B4-4435-8A07-1AA754A9F509}.Debug|x86.ActiveCfg = Debug|x86
		{F5BB194F-90B4-4435-8A07-1AA754A9F509}.Debug|x86.Build.0 = Debug|x86
		{F5BB194F-90B4-4435-8A07-1AA754A9F509}.Release|x64.ActiveCfg = Release|x86
		{F5BB194F-90B4-4435-8A07-1AA754A9F509}.Release|x86.ActiveCfg = Release|x86
		{F5BB194F-90B4-4435-8A07-1AA754A9F509}.Release|x86.Build.0 = Release|x86
	EndGlobalSection
	GlobalSection(SolutionProperties) = preSolution
		HideSolutionNode = FALSE
	EndGlobalSection
	GlobalSection(NestedProjects) = preSolution
		{B3BDE269-6BA3-41F2-A9DF-06B55DDD64B1} = {C30E53D2-3E99-40D6-9A1F-10316660BD96}
		{2397F90D-2DDE-4F56-B9B8-9A50494CD181} = {C30E53D2-3E99-40D6-9A1F-10316660BD96}
	EndGlobalSection
EndGlobal
