
Microsoft Visual Studio Solution File, Format Version 11.00
# Visual Studio 2010
Project("{8BC9CEB8-8B4A-11D0-8D11-00A0C91BC942}") = "StillDesign.PhysX.Net", "PhysX.Net\PhysX.Net.vcxproj", "{9E50593F-DB72-44D1-8A1D-2AE73214383E}"
EndProject
Project("{FAE04EC0-301F-11D3-BF4B-00C04F79EFBC}") = "Engine", "Samples\Engine\Engine.csproj", "{D126F9D4-66BB-403B-B4B6-18C3546BEDF8}"
EndProject
Project("{FAE04EC0-301F-11D3-BF4B-00C04F79EFBC}") = "CCD Skeleton", "Samples\CCD Skeleton\CCD Skeleton.csproj", "{0B12DC8D-FFB3-4C5F-8B77-ABAC84616E5D}"
EndProject
Project("{FAE04EC0-301F-11D3-BF4B-00C04F79EFBC}") = "Unit Tests", "Unit Tests\Unit Tests.csproj", "{3A2594CF-7E97-49E5-B1B7-34473CF514A6}"
EndProject
Project("{FAE04EC0-301F-11D3-BF4B-00C04F79EFBC}") = "Tearing Cloth", "Samples\Tearing Cloth\Tearing Cloth.csproj", "{D8A11046-1F58-4BE9-9404-F2D5D3083E0D}"
EndProject
Project("{FAE04EC0-301F-11D3-BF4B-00C04F79EFBC}") = "Fluid Blob", "Samples\Fluid Blob\Fluid Blob.csproj", "{6451C2B8-A5F1-4B03-813C-86E0C7C13733}"
EndProject
Project("{2150E333-8FDC-42A3-9474-1A3956D46DE8}") = "Solution Items", "Solution Items", "{1A34D519-3B53-4E1E-90CE-0161FB82DE27}"
	ProjectSection(SolutionItems) = preProject
		LocalTestRun.testrunconfig = LocalTestRun.testrunconfig
		Package.bat = Package.bat
		PhysX.Net.vsmdi = PhysX.Net.vsmdi
	EndProjectSection
EndProject
Project("{FAE04EC0-301F-11D3-BF4B-00C04F79EFBC}") = "Main Sample", "Samples\Main Sample\Main Sample.csproj", "{230CFCF6-6A4F-45EF-943E-A4A29A44161F}"
EndProject
Project("{2150E333-8FDC-42A3-9474-1A3956D46DE8}") = "Assemblies", "Assemblies", "{B7A2A90B-1F56-484F-9B21-4E531DA0AFDE}"
	ProjectSection(SolutionItems) = preProject
		Samples\Assemblies\SlimDX.dll = Samples\Assemblies\SlimDX.dll
	EndProjectSection
EndProject
Global
	GlobalSection(TeamFoundationVersionControl) = preSolution
		SccNumberOfProjects = 8
		SccEnterpriseProvider = {4CA58AB2-18FA-4F8D-95D4-32DDF27D184C}
		SccTeamFoundationServer = https://tfs.codeplex.com/tfs/tfs01
		SccProjectUniqueName0 = PhysX.Net\\PhysX.Net.vcxproj
		SccProjectName0 = PhysX.Net
		SccLocalPath0 = PhysX.Net
		SccProjectUniqueName1 = Samples\\Engine\\Engine.csproj
		SccProjectName1 = Samples/Engine
		SccLocalPath1 = Samples\\Engine
		SccProjectUniqueName2 = Samples\\CCD\u0020Skeleton\\CCD\u0020Skeleton.csproj
		SccProjectName2 = Samples/CCD\u0020Skeleton
		SccLocalPath2 = Samples\\CCD\u0020Skeleton
		SccProjectUniqueName3 = Samples\\Tearing\u0020Cloth\\Tearing\u0020Cloth.csproj
		SccProjectName3 = Samples/Tearing\u0020Cloth
		SccLocalPath3 = Samples\\Tearing\u0020Cloth
		SccProjectUniqueName4 = Samples\\Fluid\u0020Blob\\Fluid\u0020Blob.csproj
		SccProjectName4 = Samples/Fluid\u0020Blob
		SccLocalPath4 = Samples\\Fluid\u0020Blob
		SccProjectUniqueName5 = Unit\u0020Tests\\Unit\u0020Tests.csproj
		SccProjectName5 = Unit\u0020Tests
		SccLocalPath5 = Unit\u0020Tests
		SccProjectUniqueName6 = Samples\\Main\u0020Sample\\Main\u0020Sample.csproj
		SccProjectName6 = Samples/Main\u0020Sample
		SccLocalPath6 = Samples\\Main\u0020Sample
		SccLocalPath7 = .
	EndGlobalSection
	GlobalSection(TestCaseManagementSettings) = postSolution
		CategoryFile = PhysX.Net.vsmdi
	EndGlobalSection
	GlobalSection(SolutionConfigurationPlatforms) = preSolution
		Debug|x64 = Debug|x64
		Debug|x86 = Debug|x86
		Release|x64 = Release|x64
		Release|x86 = Release|x86
	EndGlobalSection
	GlobalSection(ProjectConfigurationPlatforms) = postSolution
		{9E50593F-DB72-44D1-8A1D-2AE73214383E}.Debug|x64.ActiveCfg = Debug|x64
		{9E50593F-DB72-44D1-8A1D-2AE73214383E}.Debug|x64.Build.0 = Debug|x64
		{9E50593F-DB72-44D1-8A1D-2AE73214383E}.Debug|x86.ActiveCfg = Debug|Win32
		{9E50593F-DB72-44D1-8A1D-2AE73214383E}.Debug|x86.Build.0 = Debug|Win32
		{9E50593F-DB72-44D1-8A1D-2AE73214383E}.Release|x64.ActiveCfg = Release|x64
		{9E50593F-DB72-44D1-8A1D-2AE73214383E}.Release|x64.Build.0 = Release|x64
		{9E50593F-DB72-44D1-8A1D-2AE73214383E}.Release|x86.ActiveCfg = Release|Win32
		{9E50593F-DB72-44D1-8A1D-2AE73214383E}.Release|x86.Build.0 = Release|Win32
		{D126F9D4-66BB-403B-B4B6-18C3546BEDF8}.Debug|x64.ActiveCfg = Debug|x86
		{D126F9D4-66BB-403B-B4B6-18C3546BEDF8}.Debug|x86.ActiveCfg = Debug|x86
		{D126F9D4-66BB-403B-B4B6-18C3546BEDF8}.Debug|x86.Build.0 = Debug|x86
		{D126F9D4-66BB-403B-B4B6-18C3546BEDF8}.Release|x64.ActiveCfg = Release|x86
		{D126F9D4-66BB-403B-B4B6-18C3546BEDF8}.Release|x86.ActiveCfg = Release|x86
		{D126F9D4-66BB-403B-B4B6-18C3546BEDF8}.Release|x86.Build.0 = Release|x86
		{0B12DC8D-FFB3-4C5F-8B77-ABAC84616E5D}.Debug|x64.ActiveCfg = Debug|x86
		{0B12DC8D-FFB3-4C5F-8B77-ABAC84616E5D}.Debug|x86.ActiveCfg = Debug|x86
		{0B12DC8D-FFB3-4C5F-8B77-ABAC84616E5D}.Debug|x86.Build.0 = Debug|x86
		{0B12DC8D-FFB3-4C5F-8B77-ABAC84616E5D}.Release|x64.ActiveCfg = Release|x86
		{0B12DC8D-FFB3-4C5F-8B77-ABAC84616E5D}.Release|x86.ActiveCfg = Release|x86
		{0B12DC8D-FFB3-4C5F-8B77-ABAC84616E5D}.Release|x86.Build.0 = Release|x86
		{3A2594CF-7E97-49E5-B1B7-34473CF514A6}.Debug|x64.ActiveCfg = Debug|x64
		{3A2594CF-7E97-49E5-B1B7-34473CF514A6}.Debug|x64.Build.0 = Debug|x64
		{3A2594CF-7E97-49E5-B1B7-34473CF514A6}.Debug|x86.ActiveCfg = Debug|x86
		{3A2594CF-7E97-49E5-B1B7-34473CF514A6}.Debug|x86.Build.0 = Debug|x86
		{3A2594CF-7E97-49E5-B1B7-34473CF514A6}.Release|x64.ActiveCfg = Release|x64
		{3A2594CF-7E97-49E5-B1B7-34473CF514A6}.Release|x64.Build.0 = Release|x64
		{3A2594CF-7E97-49E5-B1B7-34473CF514A6}.Release|x86.ActiveCfg = Release|x86
		{3A2594CF-7E97-49E5-B1B7-34473CF514A6}.Release|x86.Build.0 = Release|x86
		{D8A11046-1F58-4BE9-9404-F2D5D3083E0D}.Debug|x64.ActiveCfg = Debug|x86
		{D8A11046-1F58-4BE9-9404-F2D5D3083E0D}.Debug|x86.ActiveCfg = Debug|x86
		{D8A11046-1F58-4BE9-9404-F2D5D3083E0D}.Debug|x86.Build.0 = Debug|x86
		{D8A11046-1F58-4BE9-9404-F2D5D3083E0D}.Release|x64.ActiveCfg = Release|x86
		{D8A11046-1F58-4BE9-9404-F2D5D3083E0D}.Release|x86.ActiveCfg = Release|x86
		{D8A11046-1F58-4BE9-9404-F2D5D3083E0D}.Release|x86.Build.0 = Release|x86
		{6451C2B8-A5F1-4B03-813C-86E0C7C13733}.Debug|x64.ActiveCfg = Debug|x86
		{6451C2B8-A5F1-4B03-813C-86E0C7C13733}.Debug|x86.ActiveCfg = Debug|x86
		{6451C2B8-A5F1-4B03-813C-86E0C7C13733}.Debug|x86.Build.0 = Debug|x86
		{6451C2B8-A5F1-4B03-813C-86E0C7C13733}.Release|x64.ActiveCfg = Release|x86
		{6451C2B8-A5F1-4B03-813C-86E0C7C13733}.Release|x86.ActiveCfg = Release|x86
		{6451C2B8-A5F1-4B03-813C-86E0C7C13733}.Release|x86.Build.0 = Release|x86
		{230CFCF6-6A4F-45EF-943E-A4A29A44161F}.Debug|x64.ActiveCfg = Debug|x86
		{230CFCF6-6A4F-45EF-943E-A4A29A44161F}.Debug|x86.ActiveCfg = Debug|x86
		{230CFCF6-6A4F-45EF-943E-A4A29A44161F}.Debug|x86.Build.0 = Debug|x86
		{230CFCF6-6A4F-45EF-943E-A4A29A44161F}.Release|x64.ActiveCfg = Release|x86
		{230CFCF6-6A4F-45EF-943E-A4A29A44161F}.Release|x86.ActiveCfg = Release|x86
		{230CFCF6-6A4F-45EF-943E-A4A29A44161F}.Release|x86.Build.0 = Release|x86
	EndGlobalSection
	GlobalSection(SolutionProperties) = preSolution
		HideSolutionNode = FALSE
	EndGlobalSection
EndGlobal
